// !$*UTF8*$!
{
	archiveVersion = 1;
	classes = {
	};
	objectVersion = 50;
	objects = {

/* Begin PBXBuildFile section */
		0309F307CB557CE48C8D4FF7 /* AddTrainingRouterInput.swift in Sources */ = {isa = PBXBuildFile; fileRef = 8C2A3A9154CE1CD7A94C6D84 /* AddTrainingRouterInput.swift */; };
		13D318B0AC6A03115452EC2E /* Pods_CalendarApp.framework in Frameworks */ = {isa = PBXBuildFile; fileRef = 0095357063731CFAEC33204C /* Pods_CalendarApp.framework */; };
		1D6E2AE70F596C37D47F137B /* EditExerciseRouter.swift in Sources */ = {isa = PBXBuildFile; fileRef = 9C8A5E63F021699295E9B176 /* EditExerciseRouter.swift */; };
		1D6E3208F1D5F0FC3FD6CF51 /* ExerciseRouter.swift in Sources */ = {isa = PBXBuildFile; fileRef = C818C8B0FD4BF6242FF511E1 /* ExerciseRouter.swift */; };
		210C40134036F9C5DA54D538 /* AddTrainingViewController.swift in Sources */ = {isa = PBXBuildFile; fileRef = 7AB18CFDC6E747E20F95447E /* AddTrainingViewController.swift */; };
		236A36CC17F48F7F3A2DE391 /* ExerciseRouterInput.swift in Sources */ = {isa = PBXBuildFile; fileRef = 7B03ABEA11ACF0393B5F24BB /* ExerciseRouterInput.swift */; };
		268BFE8021D70CE4DB1D7B33 /* DayInteractor.swift in Sources */ = {isa = PBXBuildFile; fileRef = 9A8D0A5C342FF79F01FF87B2 /* DayInteractor.swift */; };
		26922964FB0AF8865EFE2087 /* AddTrainingViewOutput.swift in Sources */ = {isa = PBXBuildFile; fileRef = A903ECB4A4CAF07B50382341 /* AddTrainingViewOutput.swift */; };
		2A307168A71CC9AC8D7521A7 /* EditExerciseInteractorOutput.swift in Sources */ = {isa = PBXBuildFile; fileRef = E9585124F2043FF94F0FA720 /* EditExerciseInteractorOutput.swift */; };
		37B2542AFE8641ECF88CB76E /* DayRouter.swift in Sources */ = {isa = PBXBuildFile; fileRef = 4140685A534ED07495B71525 /* DayRouter.swift */; };
		3C85A95663B515F9B8EFCBE0 /* CalendarViewOutput.swift in Sources */ = {isa = PBXBuildFile; fileRef = 813143D0A5BD896148F1EA84 /* CalendarViewOutput.swift */; };
		3D9868FCD35B7FC312D88BE1 /* DayRouterInput.swift in Sources */ = {isa = PBXBuildFile; fileRef = B45C2A34171F8F4891620028 /* DayRouterInput.swift */; };
		3E776078C5796C315DA9896F /* CalendarPresenter.swift in Sources */ = {isa = PBXBuildFile; fileRef = 033413AAD01B9BCC1E6FD774 /* CalendarPresenter.swift */; };
		40AFD6731961D34912C0A34C /* AddTrainingModuleInput.swift in Sources */ = {isa = PBXBuildFile; fileRef = 14E48FFD412105DB0A7ACECD /* AddTrainingModuleInput.swift */; };
		44E78CF33C99D6AC3D497BA4 /* CalendarInteractor.swift in Sources */ = {isa = PBXBuildFile; fileRef = 1319BBC1185E54AFA60261B7 /* CalendarInteractor.swift */; };
		474D8DCEB736ED63CE861C94 /* CalendarRouterInput.swift in Sources */ = {isa = PBXBuildFile; fileRef = AD8F83D2B2439F69F15E17B9 /* CalendarRouterInput.swift */; };
		48223F130F6E24706E2D2B8C /* DayViewOutput.swift in Sources */ = {isa = PBXBuildFile; fileRef = AAF149042E7FC2E841DDFEA2 /* DayViewOutput.swift */; };
		4A13AEBC554965CD38532107 /* DayInteractorInput.swift in Sources */ = {isa = PBXBuildFile; fileRef = CA0CCD43EA9E1210616C2091 /* DayInteractorInput.swift */; };
		4B1BE5023A95809B644233DD /* CalendarModuleInput.swift in Sources */ = {isa = PBXBuildFile; fileRef = A7489D88750532B131D21F5C /* CalendarModuleInput.swift */; };
		5500B124196DF1287FA02627 /* ExerciseInteractorOutput.swift in Sources */ = {isa = PBXBuildFile; fileRef = EBC9D166313728ECBEE9FBFE /* ExerciseInteractorOutput.swift */; };
		5531CEA252E4BA625639C8D9 /* AddTrainingAssembly.swift in Sources */ = {isa = PBXBuildFile; fileRef = 0FC3F428D015F7F9796A60EB /* AddTrainingAssembly.swift */; };
		5ADF644B2654467F0637D1F2 /* ExerciseViewInput.swift in Sources */ = {isa = PBXBuildFile; fileRef = C57CA45506DE31EF84F926DE /* ExerciseViewInput.swift */; };
		660D35D348437F27279E5F15 /* EditExerciseModuleInput.swift in Sources */ = {isa = PBXBuildFile; fileRef = 59E827B6C67BF9FEB7943270 /* EditExerciseModuleInput.swift */; };
		69BF0281F8CD124CFF3BA826 /* DayPresenter.swift in Sources */ = {isa = PBXBuildFile; fileRef = 7195210A7208A6E6FF3420A9 /* DayPresenter.swift */; };
		6B121BFB21847BC1008CFDCD /* AppDelegate.swift in Sources */ = {isa = PBXBuildFile; fileRef = 6B121BFA21847BC1008CFDCD /* AppDelegate.swift */; };
		6B121C0021847BC1008CFDCD /* Main.storyboard in Resources */ = {isa = PBXBuildFile; fileRef = 6B121BFE21847BC1008CFDCD /* Main.storyboard */; };
		6B121C0221847BC3008CFDCD /* Assets.xcassets in Resources */ = {isa = PBXBuildFile; fileRef = 6B121C0121847BC3008CFDCD /* Assets.xcassets */; };
		6B121C0521847BC3008CFDCD /* LaunchScreen.storyboard in Resources */ = {isa = PBXBuildFile; fileRef = 6B121C0321847BC3008CFDCD /* LaunchScreen.storyboard */; };
		6B1D899721E73D8000965C80 /* Exercise.swift in Sources */ = {isa = PBXBuildFile; fileRef = 6B1D899621E73D8000965C80 /* Exercise.swift */; };
		6B1D899921E73EE400965C80 /* ExerciseRepository.swift in Sources */ = {isa = PBXBuildFile; fileRef = 6B1D899821E73EE400965C80 /* ExerciseRepository.swift */; };
		6B1D899B21E73EF700965C80 /* ExerciseRepositoryImp.swift in Sources */ = {isa = PBXBuildFile; fileRef = 6B1D899A21E73EF700965C80 /* ExerciseRepositoryImp.swift */; };
		6B1D899E21E7484700965C80 /* ExerciseTableViewAdapter.swift in Sources */ = {isa = PBXBuildFile; fileRef = 6B1D899D21E7484700965C80 /* ExerciseTableViewAdapter.swift */; };
		6B1D89A021E74C8D00965C80 /* Approach.swift in Sources */ = {isa = PBXBuildFile; fileRef = 6B1D899F21E74C8D00965C80 /* Approach.swift */; };
		6B1D89AD21E7526A00965C80 /* ExerciseTabelViewCell.swift in Sources */ = {isa = PBXBuildFile; fileRef = 6B1D89AC21E7526A00965C80 /* ExerciseTabelViewCell.swift */; };
		6B1D89AF21E7528700965C80 /* ExerciseTabelViewCell.xib in Resources */ = {isa = PBXBuildFile; fileRef = 6B1D89AE21E7528700965C80 /* ExerciseTabelViewCell.xib */; };
		6B70B76821EC5F22005A9702 /* UserDefaultsServise.swift in Sources */ = {isa = PBXBuildFile; fileRef = 6B70B76721EC5F22005A9702 /* UserDefaultsServise.swift */; };
		6B70B76A21EC5FA9005A9702 /* UserDefaultsServiseImp.swift in Sources */ = {isa = PBXBuildFile; fileRef = 6B70B76921EC5FA9005A9702 /* UserDefaultsServiseImp.swift */; };
		6BA0F07C21C13CD40018B300 /* AddTrainingTabelViewAdapter.swift in Sources */ = {isa = PBXBuildFile; fileRef = 6BA0F07B21C13CD40018B300 /* AddTrainingTabelViewAdapter.swift */; };
		6BA0F07F21C13FC10018B300 /* BaseTableViewAdapter.swift in Sources */ = {isa = PBXBuildFile; fileRef = 6BA0F07E21C13FC10018B300 /* BaseTableViewAdapter.swift */; };
		6BA0F08521C24B250018B300 /* CalendarApp.xcdatamodeld in Sources */ = {isa = PBXBuildFile; fileRef = 6BA0F08321C24B250018B300 /* CalendarApp.xcdatamodeld */; };
		6BA0F08721C261000018B300 /* CoreDataStore.swift in Sources */ = {isa = PBXBuildFile; fileRef = 6BA0F08621C261000018B300 /* CoreDataStore.swift */; };
		6BA0F08921C261450018B300 /* CoreDataRepository.swift in Sources */ = {isa = PBXBuildFile; fileRef = 6BA0F08821C261450018B300 /* CoreDataRepository.swift */; };
		6BA0F08B21C261A90018B300 /* CoreDataRepositoryImp.swift in Sources */ = {isa = PBXBuildFile; fileRef = 6BA0F08A21C261A90018B300 /* CoreDataRepositoryImp.swift */; };
		6BA0F08E21C28CD10018B300 /* DayTabelViewAdapter.swift in Sources */ = {isa = PBXBuildFile; fileRef = 6BA0F08D21C28CD10018B300 /* DayTabelViewAdapter.swift */; };
		6BA1DF8421BE676300E1D56C /* CalendarCell.xib in Resources */ = {isa = PBXBuildFile; fileRef = 6BA1DF8221BE676300E1D56C /* CalendarCell.xib */; };
		6BA1DF8521BE676300E1D56C /* CalendarCell.swift in Sources */ = {isa = PBXBuildFile; fileRef = 6BA1DF8321BE676300E1D56C /* CalendarCell.swift */; };
		6BB792BE21BEAA03008C92D8 /* LoadableViewController.swift in Sources */ = {isa = PBXBuildFile; fileRef = 6BB792BB21BEAA03008C92D8 /* LoadableViewController.swift */; };
		6BB792BF21BEAA03008C92D8 /* ViewLifecycleObserver.swift in Sources */ = {isa = PBXBuildFile; fileRef = 6BB792BC21BEAA03008C92D8 /* ViewLifecycleObserver.swift */; };
		6BB792C021BEAA03008C92D8 /* BaseViewController.swift in Sources */ = {isa = PBXBuildFile; fileRef = 6BB792BD21BEAA03008C92D8 /* BaseViewController.swift */; };
		6BB792C421BEACEB008C92D8 /* MirrorExtensions.swift in Sources */ = {isa = PBXBuildFile; fileRef = 6BB792C321BEACEB008C92D8 /* MirrorExtensions.swift */; };
		6BB792C721BF88D5008C92D8 /* CalendarBuilder.swift in Sources */ = {isa = PBXBuildFile; fileRef = 6BB792C621BF88D5008C92D8 /* CalendarBuilder.swift */; };
		6BB792D221BF90EC008C92D8 /* BaseCollectionViewAdapter.swift in Sources */ = {isa = PBXBuildFile; fileRef = 6BB792CC21BF90EB008C92D8 /* BaseCollectionViewAdapter.swift */; };
		6BB792D321BF90EC008C92D8 /* RegistrableSupplementaryViewComponent.swift in Sources */ = {isa = PBXBuildFile; fileRef = 6BB792CD21BF90EB008C92D8 /* RegistrableSupplementaryViewComponent.swift */; };
		6BB792D421BF90EC008C92D8 /* CollectionViewItemsSizeProvider.swift in Sources */ = {isa = PBXBuildFile; fileRef = 6BB792CE21BF90EB008C92D8 /* CollectionViewItemsSizeProvider.swift */; };
		6BB792EA21BF913F008C92D8 /* CellWithCollection.swift in Sources */ = {isa = PBXBuildFile; fileRef = 6BB792D621BF913F008C92D8 /* CellWithCollection.swift */; };
		6BB792EB21BF913F008C92D8 /* LoadableInput.swift in Sources */ = {isa = PBXBuildFile; fileRef = 6BB792D721BF913F008C92D8 /* LoadableInput.swift */; };
		6BB792EC21BF913F008C92D8 /* LoadableViewInput.swift in Sources */ = {isa = PBXBuildFile; fileRef = 6BB792D821BF913F008C92D8 /* LoadableViewInput.swift */; };
		6BB792ED21BF913F008C92D8 /* URLPathConvertable.swift in Sources */ = {isa = PBXBuildFile; fileRef = 6BB792D921BF913F008C92D8 /* URLPathConvertable.swift */; };
		6BB792EE21BF913F008C92D8 /* RegistrableComponent.swift in Sources */ = {isa = PBXBuildFile; fileRef = 6BB792DA21BF913F008C92D8 /* RegistrableComponent.swift */; };
		6BB792F421BF913F008C92D8 /* RouterTrait.swift in Sources */ = {isa = PBXBuildFile; fileRef = 6BB792E121BF913F008C92D8 /* RouterTrait.swift */; };
		6BB792F521BF913F008C92D8 /* ConfigurableComponent.swift in Sources */ = {isa = PBXBuildFile; fileRef = 6BB792E221BF913F008C92D8 /* ConfigurableComponent.swift */; };
		6BB792F621BF913F008C92D8 /* ShowErrorRouterInput.swift in Sources */ = {isa = PBXBuildFile; fileRef = 6BB792E321BF913F008C92D8 /* ShowErrorRouterInput.swift */; };
		6BB792F721BF913F008C92D8 /* ShowAlertRouterInput.swift in Sources */ = {isa = PBXBuildFile; fileRef = 6BB792E421BF913F008C92D8 /* ShowAlertRouterInput.swift */; };
		6BB792F921BF913F008C92D8 /* URLConvertable.swift in Sources */ = {isa = PBXBuildFile; fileRef = 6BB792E621BF913F008C92D8 /* URLConvertable.swift */; };
		6BB792FB21BF913F008C92D8 /* ReusableComponent.swift in Sources */ = {isa = PBXBuildFile; fileRef = 6BB792E821BF913F008C92D8 /* ReusableComponent.swift */; };
		6BB7930721BF92BC008C92D8 /* APIMethods.swift in Sources */ = {isa = PBXBuildFile; fileRef = 6BB792FE21BF92BC008C92D8 /* APIMethods.swift */; };
		6BB7930821BF92BC008C92D8 /* NetworkServiceError.swift in Sources */ = {isa = PBXBuildFile; fileRef = 6BB792FF21BF92BC008C92D8 /* NetworkServiceError.swift */; };
		6BB7930A21BF92BC008C92D8 /* DayOfWeek.swift in Sources */ = {isa = PBXBuildFile; fileRef = 6BB7930121BF92BC008C92D8 /* DayOfWeek.swift */; };
		6BB7930B21BF92BC008C92D8 /* Result.swift in Sources */ = {isa = PBXBuildFile; fileRef = 6BB7930221BF92BC008C92D8 /* Result.swift */; };
		6BB7930C21BF92BC008C92D8 /* ImageSource.swift in Sources */ = {isa = PBXBuildFile; fileRef = 6BB7930321BF92BC008C92D8 /* ImageSource.swift */; };
		6BB7930E21BF92BC008C92D8 /* Month.swift in Sources */ = {isa = PBXBuildFile; fileRef = 6BB7930521BF92BC008C92D8 /* Month.swift */; };
		6BB7930F21BF92BC008C92D8 /* RegistrableSource.swift in Sources */ = {isa = PBXBuildFile; fileRef = 6BB7930621BF92BC008C92D8 /* RegistrableSource.swift */; };
		6BB7931221BF9606008C92D8 /* CalendarCollectionViewAdapter.swift in Sources */ = {isa = PBXBuildFile; fileRef = 6BB7931121BF9606008C92D8 /* CalendarCollectionViewAdapter.swift */; };
		6BB7931621BFE130008C92D8 /* StringHelper.swift in Sources */ = {isa = PBXBuildFile; fileRef = 6BB7931521BFE130008C92D8 /* StringHelper.swift */; };
		6BECCF6B2187021B0062A2BE /* CommonAssembly.swift in Sources */ = {isa = PBXBuildFile; fileRef = 6BECCF6A2187021B0062A2BE /* CommonAssembly.swift */; };
		756B088ECA026BCE749D1D0E /* CalendarViewInput.swift in Sources */ = {isa = PBXBuildFile; fileRef = 879DCD94819E89216F27D68A /* CalendarViewInput.swift */; };
		75B78D4391EE2160E1B97D4D /* AddTrainingInteractorOutput.swift in Sources */ = {isa = PBXBuildFile; fileRef = C6E4A655A8700745BE6CBD5D /* AddTrainingInteractorOutput.swift */; };
		761EA98F8B054737F41E6B38 /* DayViewController.swift in Sources */ = {isa = PBXBuildFile; fileRef = F3EFC38F632F03E88227D7CD /* DayViewController.swift */; };
		76DEE41425D1A7A2CBDD5789 /* DayInteractorOutput.swift in Sources */ = {isa = PBXBuildFile; fileRef = 14868B3EB84369D0BDC0B027 /* DayInteractorOutput.swift */; };
		822F4CC9F929F2765B468EB9 /* EditExerciseRouterInput.swift in Sources */ = {isa = PBXBuildFile; fileRef = C09075F29057102054530951 /* EditExerciseRouterInput.swift */; };
		87989339E7CC5F68A56E353F /* ExerciseAssembly.swift in Sources */ = {isa = PBXBuildFile; fileRef = 782192819406515613B698E1 /* ExerciseAssembly.swift */; };
		89D072E15204E3F7237F0159 /* ExerciseViewOutput.swift in Sources */ = {isa = PBXBuildFile; fileRef = CDA8EAAD2AC143245AD0CBAB /* ExerciseViewOutput.swift */; };
		8A0C58B4A324BFAC3DD85DB8 /* EditExercisePresenter.swift in Sources */ = {isa = PBXBuildFile; fileRef = 40692AB51A2F86943BBDD48A /* EditExercisePresenter.swift */; };
		8C98DE1B3E8846D7624A4311 /* AddTrainingInteractorInput.swift in Sources */ = {isa = PBXBuildFile; fileRef = B562DE7BA66DC7694F40260A /* AddTrainingInteractorInput.swift */; };
		8D8E2FB4E27EA76E3AA9E3B5 /* DayViewInput.swift in Sources */ = {isa = PBXBuildFile; fileRef = D48E629D49C04DD97DF21AC9 /* DayViewInput.swift */; };
		8F2B16E9354E398F4A25EFDB /* CalendarAssembly.swift in Sources */ = {isa = PBXBuildFile; fileRef = 525C99E1C1F3C966FA04F467 /* CalendarAssembly.swift */; };
		8F312207882A1CAA6CC35736 /* CalendarInteractorOutput.swift in Sources */ = {isa = PBXBuildFile; fileRef = 7075BFF1FF41D725D5E8F60D /* CalendarInteractorOutput.swift */; };
		8F3EC53DB1D0FE754B5F8333 /* ExerciseModuleInput.swift in Sources */ = {isa = PBXBuildFile; fileRef = 8C7B14E9E572DB3E01637CF0 /* ExerciseModuleInput.swift */; };
		9480E26B3E493D5ACB9460FA /* EditExerciseViewInput.swift in Sources */ = {isa = PBXBuildFile; fileRef = 9A5CCDB6655E034F77A3D435 /* EditExerciseViewInput.swift */; };
		9811A74A041E3C07E5C78A10 /* DayAssembly.swift in Sources */ = {isa = PBXBuildFile; fileRef = 1B58437A6EC68A722119224C /* DayAssembly.swift */; };
		9811DE57916BADB2A27BB15C /* ExercisePresenter.swift in Sources */ = {isa = PBXBuildFile; fileRef = F3BA9543A6D84FC725DC08E0 /* ExercisePresenter.swift */; };
		98B6D7D6741B7A203783B5F9 /* CalendarRouter.swift in Sources */ = {isa = PBXBuildFile; fileRef = 32544278E645EF7478065762 /* CalendarRouter.swift */; };
		998F25A7AAC49B7F7D6EA5DA /* AddTrainingPresenter.swift in Sources */ = {isa = PBXBuildFile; fileRef = 69CDAFDBFF63EF342C4CDF1B /* AddTrainingPresenter.swift */; };
		A83337D5DDC20A88EED83702 /* AddTrainingRouter.swift in Sources */ = {isa = PBXBuildFile; fileRef = E511E07284FC3368176CDD9A /* AddTrainingRouter.swift */; };
		BBE263F29112F1FA6387DB72 /* EditExerciseViewOutput.swift in Sources */ = {isa = PBXBuildFile; fileRef = DF6AB7A41CF84EFB0985A55B /* EditExerciseViewOutput.swift */; };
		C3126A4A0A086459FF48FA9E /* ExerciseInteractorInput.swift in Sources */ = {isa = PBXBuildFile; fileRef = 420D5A1A318FE37ACB0C9561 /* ExerciseInteractorInput.swift */; };
		C330239F959C75946A0AEDC4 /* AddTrainingViewInput.swift in Sources */ = {isa = PBXBuildFile; fileRef = 653F43DA6271F609C55CD2C8 /* AddTrainingViewInput.swift */; };
		C40860FF186FD33A4FBFD716 /* ExerciseInteractor.swift in Sources */ = {isa = PBXBuildFile; fileRef = B39F78337939733DC13BAFE1 /* ExerciseInteractor.swift */; };
		CB9D33BE4D2F3F8940672C80 /* AddTrainingInteractor.swift in Sources */ = {isa = PBXBuildFile; fileRef = BAA7B4F5B051385B584FD884 /* AddTrainingInteractor.swift */; };
		CBE6B4A46835648BCFF1060D /* CalendarInteractorInput.swift in Sources */ = {isa = PBXBuildFile; fileRef = 65B69761CAC14B228CD63F3D /* CalendarInteractorInput.swift */; };
		CF756AB811FE4F4EA66E42EC /* ExerciseViewController.swift in Sources */ = {isa = PBXBuildFile; fileRef = CF92232C3C330B154B187AD1 /* ExerciseViewController.swift */; };
		DA549FFFE72C2EDD39953FD7 /* EditExerciseInteractor.swift in Sources */ = {isa = PBXBuildFile; fileRef = 5F7B4ECDA8F5A8CADC339D77 /* EditExerciseInteractor.swift */; };
		DB2A074E67600C9C4407CBBA /* DayModuleInput.swift in Sources */ = {isa = PBXBuildFile; fileRef = 8509713C4074D1AA7370571D /* DayModuleInput.swift */; };
		DED5453AE7B154D8ED6430A3 /* EditExerciseAssembly.swift in Sources */ = {isa = PBXBuildFile; fileRef = 99F264CF0512E2173AA9F988 /* EditExerciseAssembly.swift */; };
		EA5679953F9EEC1AD527B009 /* EditExerciseViewController.swift in Sources */ = {isa = PBXBuildFile; fileRef = 5B21BA60B9F25A2B628F48B6 /* EditExerciseViewController.swift */; };
		ECCBC6600E68033C9251954B /* CalendarViewController.swift in Sources */ = {isa = PBXBuildFile; fileRef = 9B85FD3F0E2A53248216D8D3 /* CalendarViewController.swift */; };
		F44684E7DB641A4FDF6DD2AE /* EditExerciseInteractorInput.swift in Sources */ = {isa = PBXBuildFile; fileRef = 749B837EDB03541F9C178C7C /* EditExerciseInteractorInput.swift */; };
/* End PBXBuildFile section */

/* Begin PBXFileReference section */
		0095357063731CFAEC33204C /* Pods_CalendarApp.framework */ = {isa = PBXFileReference; explicitFileType = wrapper.framework; includeInIndex = 0; path = Pods_CalendarApp.framework; sourceTree = BUILT_PRODUCTS_DIR; };
		033413AAD01B9BCC1E6FD774 /* CalendarPresenter.swift */ = {isa = PBXFileReference; includeInIndex = 1; lastKnownFileType = sourcecode.swift; path = CalendarPresenter.swift; sourceTree = "<group>"; };
		0E91BA0920D82AA25DAEBAA3 /* Pods-CalendarApp.debug.xcconfig */ = {isa = PBXFileReference; includeInIndex = 1; lastKnownFileType = text.xcconfig; name = "Pods-CalendarApp.debug.xcconfig"; path = "Pods/Target Support Files/Pods-CalendarApp/Pods-CalendarApp.debug.xcconfig"; sourceTree = "<group>"; };
		0FC3F428D015F7F9796A60EB /* AddTrainingAssembly.swift */ = {isa = PBXFileReference; includeInIndex = 1; lastKnownFileType = sourcecode.swift; path = AddTrainingAssembly.swift; sourceTree = "<group>"; };
		1319BBC1185E54AFA60261B7 /* CalendarInteractor.swift */ = {isa = PBXFileReference; includeInIndex = 1; lastKnownFileType = sourcecode.swift; path = CalendarInteractor.swift; sourceTree = "<group>"; };
		14868B3EB84369D0BDC0B027 /* DayInteractorOutput.swift */ = {isa = PBXFileReference; includeInIndex = 1; lastKnownFileType = sourcecode.swift; path = DayInteractorOutput.swift; sourceTree = "<group>"; };
		14E48FFD412105DB0A7ACECD /* AddTrainingModuleInput.swift */ = {isa = PBXFileReference; includeInIndex = 1; lastKnownFileType = sourcecode.swift; path = AddTrainingModuleInput.swift; sourceTree = "<group>"; };
		1B58437A6EC68A722119224C /* DayAssembly.swift */ = {isa = PBXFileReference; includeInIndex = 1; lastKnownFileType = sourcecode.swift; path = DayAssembly.swift; sourceTree = "<group>"; };
		32544278E645EF7478065762 /* CalendarRouter.swift */ = {isa = PBXFileReference; includeInIndex = 1; lastKnownFileType = sourcecode.swift; path = CalendarRouter.swift; sourceTree = "<group>"; };
		40692AB51A2F86943BBDD48A /* EditExercisePresenter.swift */ = {isa = PBXFileReference; includeInIndex = 1; lastKnownFileType = sourcecode.swift; path = EditExercisePresenter.swift; sourceTree = "<group>"; };
		4140685A534ED07495B71525 /* DayRouter.swift */ = {isa = PBXFileReference; includeInIndex = 1; lastKnownFileType = sourcecode.swift; path = DayRouter.swift; sourceTree = "<group>"; };
		420D5A1A318FE37ACB0C9561 /* ExerciseInteractorInput.swift */ = {isa = PBXFileReference; includeInIndex = 1; lastKnownFileType = sourcecode.swift; path = ExerciseInteractorInput.swift; sourceTree = "<group>"; };
		525C99E1C1F3C966FA04F467 /* CalendarAssembly.swift */ = {isa = PBXFileReference; includeInIndex = 1; lastKnownFileType = sourcecode.swift; path = CalendarAssembly.swift; sourceTree = "<group>"; };
		59E827B6C67BF9FEB7943270 /* EditExerciseModuleInput.swift */ = {isa = PBXFileReference; includeInIndex = 1; lastKnownFileType = sourcecode.swift; path = EditExerciseModuleInput.swift; sourceTree = "<group>"; };
		5B21BA60B9F25A2B628F48B6 /* EditExerciseViewController.swift */ = {isa = PBXFileReference; includeInIndex = 1; lastKnownFileType = sourcecode.swift; path = EditExerciseViewController.swift; sourceTree = "<group>"; };
		5F7B4ECDA8F5A8CADC339D77 /* EditExerciseInteractor.swift */ = {isa = PBXFileReference; includeInIndex = 1; lastKnownFileType = sourcecode.swift; path = EditExerciseInteractor.swift; sourceTree = "<group>"; };
		653F43DA6271F609C55CD2C8 /* AddTrainingViewInput.swift */ = {isa = PBXFileReference; includeInIndex = 1; lastKnownFileType = sourcecode.swift; path = AddTrainingViewInput.swift; sourceTree = "<group>"; };
		65B69761CAC14B228CD63F3D /* CalendarInteractorInput.swift */ = {isa = PBXFileReference; includeInIndex = 1; lastKnownFileType = sourcecode.swift; path = CalendarInteractorInput.swift; sourceTree = "<group>"; };
		69CDAFDBFF63EF342C4CDF1B /* AddTrainingPresenter.swift */ = {isa = PBXFileReference; includeInIndex = 1; lastKnownFileType = sourcecode.swift; path = AddTrainingPresenter.swift; sourceTree = "<group>"; };
		6B121BF721847BC1008CFDCD /* CalendarApp.app */ = {isa = PBXFileReference; explicitFileType = wrapper.application; includeInIndex = 0; path = CalendarApp.app; sourceTree = BUILT_PRODUCTS_DIR; };
		6B121BFA21847BC1008CFDCD /* AppDelegate.swift */ = {isa = PBXFileReference; lastKnownFileType = sourcecode.swift; path = AppDelegate.swift; sourceTree = "<group>"; };
		6B121BFF21847BC1008CFDCD /* Base */ = {isa = PBXFileReference; lastKnownFileType = file.storyboard; name = Base; path = Base.lproj/Main.storyboard; sourceTree = "<group>"; };
		6B121C0121847BC3008CFDCD /* Assets.xcassets */ = {isa = PBXFileReference; lastKnownFileType = folder.assetcatalog; path = Assets.xcassets; sourceTree = "<group>"; };
		6B121C0421847BC3008CFDCD /* Base */ = {isa = PBXFileReference; lastKnownFileType = file.storyboard; name = Base; path = Base.lproj/LaunchScreen.storyboard; sourceTree = "<group>"; };
		6B121C0621847BC3008CFDCD /* Info.plist */ = {isa = PBXFileReference; lastKnownFileType = text.plist.xml; path = Info.plist; sourceTree = "<group>"; };
		6B1D899621E73D8000965C80 /* Exercise.swift */ = {isa = PBXFileReference; lastKnownFileType = sourcecode.swift; path = Exercise.swift; sourceTree = "<group>"; };
		6B1D899821E73EE400965C80 /* ExerciseRepository.swift */ = {isa = PBXFileReference; lastKnownFileType = sourcecode.swift; path = ExerciseRepository.swift; sourceTree = "<group>"; };
		6B1D899A21E73EF700965C80 /* ExerciseRepositoryImp.swift */ = {isa = PBXFileReference; lastKnownFileType = sourcecode.swift; path = ExerciseRepositoryImp.swift; sourceTree = "<group>"; };
		6B1D899D21E7484700965C80 /* ExerciseTableViewAdapter.swift */ = {isa = PBXFileReference; lastKnownFileType = sourcecode.swift; path = ExerciseTableViewAdapter.swift; sourceTree = "<group>"; };
		6B1D899F21E74C8D00965C80 /* Approach.swift */ = {isa = PBXFileReference; lastKnownFileType = sourcecode.swift; path = Approach.swift; sourceTree = "<group>"; };
		6B1D89AC21E7526A00965C80 /* ExerciseTabelViewCell.swift */ = {isa = PBXFileReference; lastKnownFileType = sourcecode.swift; path = ExerciseTabelViewCell.swift; sourceTree = "<group>"; };
		6B1D89AE21E7528700965C80 /* ExerciseTabelViewCell.xib */ = {isa = PBXFileReference; lastKnownFileType = file.xib; path = ExerciseTabelViewCell.xib; sourceTree = "<group>"; };
		6B70B76721EC5F22005A9702 /* UserDefaultsServise.swift */ = {isa = PBXFileReference; lastKnownFileType = sourcecode.swift; path = UserDefaultsServise.swift; sourceTree = "<group>"; };
		6B70B76921EC5FA9005A9702 /* UserDefaultsServiseImp.swift */ = {isa = PBXFileReference; lastKnownFileType = sourcecode.swift; path = UserDefaultsServiseImp.swift; sourceTree = "<group>"; };
		6BA0F07B21C13CD40018B300 /* AddTrainingTabelViewAdapter.swift */ = {isa = PBXFileReference; lastKnownFileType = sourcecode.swift; path = AddTrainingTabelViewAdapter.swift; sourceTree = "<group>"; };
		6BA0F07E21C13FC10018B300 /* BaseTableViewAdapter.swift */ = {isa = PBXFileReference; lastKnownFileType = sourcecode.swift; path = BaseTableViewAdapter.swift; sourceTree = "<group>"; };
		6BA0F08421C24B250018B300 /* CalendarApp.xcdatamodel */ = {isa = PBXFileReference; lastKnownFileType = wrapper.xcdatamodel; path = CalendarApp.xcdatamodel; sourceTree = "<group>"; };
		6BA0F08621C261000018B300 /* CoreDataStore.swift */ = {isa = PBXFileReference; fileEncoding = 4; lastKnownFileType = sourcecode.swift; path = CoreDataStore.swift; sourceTree = "<group>"; };
		6BA0F08821C261450018B300 /* CoreDataRepository.swift */ = {isa = PBXFileReference; lastKnownFileType = sourcecode.swift; path = CoreDataRepository.swift; sourceTree = "<group>"; };
		6BA0F08A21C261A90018B300 /* CoreDataRepositoryImp.swift */ = {isa = PBXFileReference; lastKnownFileType = sourcecode.swift; path = CoreDataRepositoryImp.swift; sourceTree = "<group>"; };
		6BA0F08D21C28CD10018B300 /* DayTabelViewAdapter.swift */ = {isa = PBXFileReference; lastKnownFileType = sourcecode.swift; path = DayTabelViewAdapter.swift; sourceTree = "<group>"; };
		6BA1DF8221BE676300E1D56C /* CalendarCell.xib */ = {isa = PBXFileReference; fileEncoding = 4; lastKnownFileType = file.xib; path = CalendarCell.xib; sourceTree = "<group>"; };
		6BA1DF8321BE676300E1D56C /* CalendarCell.swift */ = {isa = PBXFileReference; fileEncoding = 4; lastKnownFileType = sourcecode.swift; path = CalendarCell.swift; sourceTree = "<group>"; };
		6BB792BB21BEAA03008C92D8 /* LoadableViewController.swift */ = {isa = PBXFileReference; fileEncoding = 4; lastKnownFileType = sourcecode.swift; path = LoadableViewController.swift; sourceTree = "<group>"; };
		6BB792BC21BEAA03008C92D8 /* ViewLifecycleObserver.swift */ = {isa = PBXFileReference; fileEncoding = 4; lastKnownFileType = sourcecode.swift; path = ViewLifecycleObserver.swift; sourceTree = "<group>"; };
		6BB792BD21BEAA03008C92D8 /* BaseViewController.swift */ = {isa = PBXFileReference; fileEncoding = 4; lastKnownFileType = sourcecode.swift; path = BaseViewController.swift; sourceTree = "<group>"; };
		6BB792C321BEACEB008C92D8 /* MirrorExtensions.swift */ = {isa = PBXFileReference; fileEncoding = 4; lastKnownFileType = sourcecode.swift; path = MirrorExtensions.swift; sourceTree = "<group>"; };
		6BB792C621BF88D5008C92D8 /* CalendarBuilder.swift */ = {isa = PBXFileReference; lastKnownFileType = sourcecode.swift; path = CalendarBuilder.swift; sourceTree = "<group>"; };
		6BB792CC21BF90EB008C92D8 /* BaseCollectionViewAdapter.swift */ = {isa = PBXFileReference; fileEncoding = 4; lastKnownFileType = sourcecode.swift; path = BaseCollectionViewAdapter.swift; sourceTree = "<group>"; };
		6BB792CD21BF90EB008C92D8 /* RegistrableSupplementaryViewComponent.swift */ = {isa = PBXFileReference; fileEncoding = 4; lastKnownFileType = sourcecode.swift; path = RegistrableSupplementaryViewComponent.swift; sourceTree = "<group>"; };
		6BB792CE21BF90EB008C92D8 /* CollectionViewItemsSizeProvider.swift */ = {isa = PBXFileReference; fileEncoding = 4; lastKnownFileType = sourcecode.swift; path = CollectionViewItemsSizeProvider.swift; sourceTree = "<group>"; };
		6BB792D621BF913F008C92D8 /* CellWithCollection.swift */ = {isa = PBXFileReference; fileEncoding = 4; lastKnownFileType = sourcecode.swift; path = CellWithCollection.swift; sourceTree = "<group>"; };
		6BB792D721BF913F008C92D8 /* LoadableInput.swift */ = {isa = PBXFileReference; fileEncoding = 4; lastKnownFileType = sourcecode.swift; path = LoadableInput.swift; sourceTree = "<group>"; };
		6BB792D821BF913F008C92D8 /* LoadableViewInput.swift */ = {isa = PBXFileReference; fileEncoding = 4; lastKnownFileType = sourcecode.swift; path = LoadableViewInput.swift; sourceTree = "<group>"; };
		6BB792D921BF913F008C92D8 /* URLPathConvertable.swift */ = {isa = PBXFileReference; fileEncoding = 4; lastKnownFileType = sourcecode.swift; path = URLPathConvertable.swift; sourceTree = "<group>"; };
		6BB792DA21BF913F008C92D8 /* RegistrableComponent.swift */ = {isa = PBXFileReference; fileEncoding = 4; lastKnownFileType = sourcecode.swift; path = RegistrableComponent.swift; sourceTree = "<group>"; };
		6BB792E121BF913F008C92D8 /* RouterTrait.swift */ = {isa = PBXFileReference; fileEncoding = 4; lastKnownFileType = sourcecode.swift; path = RouterTrait.swift; sourceTree = "<group>"; };
		6BB792E221BF913F008C92D8 /* ConfigurableComponent.swift */ = {isa = PBXFileReference; fileEncoding = 4; lastKnownFileType = sourcecode.swift; path = ConfigurableComponent.swift; sourceTree = "<group>"; };
		6BB792E321BF913F008C92D8 /* ShowErrorRouterInput.swift */ = {isa = PBXFileReference; fileEncoding = 4; lastKnownFileType = sourcecode.swift; path = ShowErrorRouterInput.swift; sourceTree = "<group>"; };
		6BB792E421BF913F008C92D8 /* ShowAlertRouterInput.swift */ = {isa = PBXFileReference; fileEncoding = 4; lastKnownFileType = sourcecode.swift; path = ShowAlertRouterInput.swift; sourceTree = "<group>"; };
		6BB792E621BF913F008C92D8 /* URLConvertable.swift */ = {isa = PBXFileReference; fileEncoding = 4; lastKnownFileType = sourcecode.swift; path = URLConvertable.swift; sourceTree = "<group>"; };
		6BB792E821BF913F008C92D8 /* ReusableComponent.swift */ = {isa = PBXFileReference; fileEncoding = 4; lastKnownFileType = sourcecode.swift; path = ReusableComponent.swift; sourceTree = "<group>"; };
		6BB792FE21BF92BC008C92D8 /* APIMethods.swift */ = {isa = PBXFileReference; fileEncoding = 4; lastKnownFileType = sourcecode.swift; path = APIMethods.swift; sourceTree = "<group>"; };
		6BB792FF21BF92BC008C92D8 /* NetworkServiceError.swift */ = {isa = PBXFileReference; fileEncoding = 4; lastKnownFileType = sourcecode.swift; path = NetworkServiceError.swift; sourceTree = "<group>"; };
		6BB7930121BF92BC008C92D8 /* DayOfWeek.swift */ = {isa = PBXFileReference; fileEncoding = 4; lastKnownFileType = sourcecode.swift; path = DayOfWeek.swift; sourceTree = "<group>"; };
		6BB7930221BF92BC008C92D8 /* Result.swift */ = {isa = PBXFileReference; fileEncoding = 4; lastKnownFileType = sourcecode.swift; path = Result.swift; sourceTree = "<group>"; };
		6BB7930321BF92BC008C92D8 /* ImageSource.swift */ = {isa = PBXFileReference; fileEncoding = 4; lastKnownFileType = sourcecode.swift; path = ImageSource.swift; sourceTree = "<group>"; };
		6BB7930521BF92BC008C92D8 /* Month.swift */ = {isa = PBXFileReference; fileEncoding = 4; lastKnownFileType = sourcecode.swift; path = Month.swift; sourceTree = "<group>"; };
		6BB7930621BF92BC008C92D8 /* RegistrableSource.swift */ = {isa = PBXFileReference; fileEncoding = 4; lastKnownFileType = sourcecode.swift; path = RegistrableSource.swift; sourceTree = "<group>"; };
		6BB7931121BF9606008C92D8 /* CalendarCollectionViewAdapter.swift */ = {isa = PBXFileReference; lastKnownFileType = sourcecode.swift; path = CalendarCollectionViewAdapter.swift; sourceTree = "<group>"; };
		6BB7931521BFE130008C92D8 /* StringHelper.swift */ = {isa = PBXFileReference; lastKnownFileType = sourcecode.swift; path = StringHelper.swift; sourceTree = "<group>"; };
		6BECCF6A2187021B0062A2BE /* CommonAssembly.swift */ = {isa = PBXFileReference; fileEncoding = 4; lastKnownFileType = sourcecode.swift; path = CommonAssembly.swift; sourceTree = "<group>"; };
		7075BFF1FF41D725D5E8F60D /* CalendarInteractorOutput.swift */ = {isa = PBXFileReference; includeInIndex = 1; lastKnownFileType = sourcecode.swift; path = CalendarInteractorOutput.swift; sourceTree = "<group>"; };
		7195210A7208A6E6FF3420A9 /* DayPresenter.swift */ = {isa = PBXFileReference; includeInIndex = 1; lastKnownFileType = sourcecode.swift; path = DayPresenter.swift; sourceTree = "<group>"; };
		749B837EDB03541F9C178C7C /* EditExerciseInteractorInput.swift */ = {isa = PBXFileReference; includeInIndex = 1; lastKnownFileType = sourcecode.swift; path = EditExerciseInteractorInput.swift; sourceTree = "<group>"; };
		782192819406515613B698E1 /* ExerciseAssembly.swift */ = {isa = PBXFileReference; includeInIndex = 1; lastKnownFileType = sourcecode.swift; path = ExerciseAssembly.swift; sourceTree = "<group>"; };
		7AB18CFDC6E747E20F95447E /* AddTrainingViewController.swift */ = {isa = PBXFileReference; includeInIndex = 1; lastKnownFileType = sourcecode.swift; path = AddTrainingViewController.swift; sourceTree = "<group>"; };
		7B03ABEA11ACF0393B5F24BB /* ExerciseRouterInput.swift */ = {isa = PBXFileReference; includeInIndex = 1; lastKnownFileType = sourcecode.swift; path = ExerciseRouterInput.swift; sourceTree = "<group>"; };
		813143D0A5BD896148F1EA84 /* CalendarViewOutput.swift */ = {isa = PBXFileReference; includeInIndex = 1; lastKnownFileType = sourcecode.swift; path = CalendarViewOutput.swift; sourceTree = "<group>"; };
		8509713C4074D1AA7370571D /* DayModuleInput.swift */ = {isa = PBXFileReference; includeInIndex = 1; lastKnownFileType = sourcecode.swift; path = DayModuleInput.swift; sourceTree = "<group>"; };
		8665CF496EF7F12FF2056047 /* Pods-CalendarApp.release.xcconfig */ = {isa = PBXFileReference; includeInIndex = 1; lastKnownFileType = text.xcconfig; name = "Pods-CalendarApp.release.xcconfig"; path = "Pods/Target Support Files/Pods-CalendarApp/Pods-CalendarApp.release.xcconfig"; sourceTree = "<group>"; };
		879DCD94819E89216F27D68A /* CalendarViewInput.swift */ = {isa = PBXFileReference; includeInIndex = 1; lastKnownFileType = sourcecode.swift; path = CalendarViewInput.swift; sourceTree = "<group>"; };
		8C2A3A9154CE1CD7A94C6D84 /* AddTrainingRouterInput.swift */ = {isa = PBXFileReference; includeInIndex = 1; lastKnownFileType = sourcecode.swift; path = AddTrainingRouterInput.swift; sourceTree = "<group>"; };
		8C7B14E9E572DB3E01637CF0 /* ExerciseModuleInput.swift */ = {isa = PBXFileReference; includeInIndex = 1; lastKnownFileType = sourcecode.swift; path = ExerciseModuleInput.swift; sourceTree = "<group>"; };
		99F264CF0512E2173AA9F988 /* EditExerciseAssembly.swift */ = {isa = PBXFileReference; includeInIndex = 1; lastKnownFileType = sourcecode.swift; path = EditExerciseAssembly.swift; sourceTree = "<group>"; };
		9A5CCDB6655E034F77A3D435 /* EditExerciseViewInput.swift */ = {isa = PBXFileReference; includeInIndex = 1; lastKnownFileType = sourcecode.swift; path = EditExerciseViewInput.swift; sourceTree = "<group>"; };
		9A8D0A5C342FF79F01FF87B2 /* DayInteractor.swift */ = {isa = PBXFileReference; includeInIndex = 1; lastKnownFileType = sourcecode.swift; path = DayInteractor.swift; sourceTree = "<group>"; };
		9B85FD3F0E2A53248216D8D3 /* CalendarViewController.swift */ = {isa = PBXFileReference; includeInIndex = 1; lastKnownFileType = sourcecode.swift; path = CalendarViewController.swift; sourceTree = "<group>"; };
		9C8A5E63F021699295E9B176 /* EditExerciseRouter.swift */ = {isa = PBXFileReference; includeInIndex = 1; lastKnownFileType = sourcecode.swift; path = EditExerciseRouter.swift; sourceTree = "<group>"; };
		A7489D88750532B131D21F5C /* CalendarModuleInput.swift */ = {isa = PBXFileReference; includeInIndex = 1; lastKnownFileType = sourcecode.swift; path = CalendarModuleInput.swift; sourceTree = "<group>"; };
		A903ECB4A4CAF07B50382341 /* AddTrainingViewOutput.swift */ = {isa = PBXFileReference; includeInIndex = 1; lastKnownFileType = sourcecode.swift; path = AddTrainingViewOutput.swift; sourceTree = "<group>"; };
		AAF149042E7FC2E841DDFEA2 /* DayViewOutput.swift */ = {isa = PBXFileReference; includeInIndex = 1; lastKnownFileType = sourcecode.swift; path = DayViewOutput.swift; sourceTree = "<group>"; };
		AD8F83D2B2439F69F15E17B9 /* CalendarRouterInput.swift */ = {isa = PBXFileReference; includeInIndex = 1; lastKnownFileType = sourcecode.swift; path = CalendarRouterInput.swift; sourceTree = "<group>"; };
		B39F78337939733DC13BAFE1 /* ExerciseInteractor.swift */ = {isa = PBXFileReference; includeInIndex = 1; lastKnownFileType = sourcecode.swift; path = ExerciseInteractor.swift; sourceTree = "<group>"; };
		B45C2A34171F8F4891620028 /* DayRouterInput.swift */ = {isa = PBXFileReference; includeInIndex = 1; lastKnownFileType = sourcecode.swift; path = DayRouterInput.swift; sourceTree = "<group>"; };
		B562DE7BA66DC7694F40260A /* AddTrainingInteractorInput.swift */ = {isa = PBXFileReference; includeInIndex = 1; lastKnownFileType = sourcecode.swift; path = AddTrainingInteractorInput.swift; sourceTree = "<group>"; };
		BAA7B4F5B051385B584FD884 /* AddTrainingInteractor.swift */ = {isa = PBXFileReference; includeInIndex = 1; lastKnownFileType = sourcecode.swift; path = AddTrainingInteractor.swift; sourceTree = "<group>"; };
		C09075F29057102054530951 /* EditExerciseRouterInput.swift */ = {isa = PBXFileReference; includeInIndex = 1; lastKnownFileType = sourcecode.swift; path = EditExerciseRouterInput.swift; sourceTree = "<group>"; };
		C57CA45506DE31EF84F926DE /* ExerciseViewInput.swift */ = {isa = PBXFileReference; includeInIndex = 1; lastKnownFileType = sourcecode.swift; path = ExerciseViewInput.swift; sourceTree = "<group>"; };
		C6E4A655A8700745BE6CBD5D /* AddTrainingInteractorOutput.swift */ = {isa = PBXFileReference; includeInIndex = 1; lastKnownFileType = sourcecode.swift; path = AddTrainingInteractorOutput.swift; sourceTree = "<group>"; };
		C818C8B0FD4BF6242FF511E1 /* ExerciseRouter.swift */ = {isa = PBXFileReference; includeInIndex = 1; lastKnownFileType = sourcecode.swift; path = ExerciseRouter.swift; sourceTree = "<group>"; };
		CA0CCD43EA9E1210616C2091 /* DayInteractorInput.swift */ = {isa = PBXFileReference; includeInIndex = 1; lastKnownFileType = sourcecode.swift; path = DayInteractorInput.swift; sourceTree = "<group>"; };
		CDA8EAAD2AC143245AD0CBAB /* ExerciseViewOutput.swift */ = {isa = PBXFileReference; includeInIndex = 1; lastKnownFileType = sourcecode.swift; path = ExerciseViewOutput.swift; sourceTree = "<group>"; };
		CF92232C3C330B154B187AD1 /* ExerciseViewController.swift */ = {isa = PBXFileReference; includeInIndex = 1; lastKnownFileType = sourcecode.swift; path = ExerciseViewController.swift; sourceTree = "<group>"; };
		D48E629D49C04DD97DF21AC9 /* DayViewInput.swift */ = {isa = PBXFileReference; includeInIndex = 1; lastKnownFileType = sourcecode.swift; path = DayViewInput.swift; sourceTree = "<group>"; };
		DF6AB7A41CF84EFB0985A55B /* EditExerciseViewOutput.swift */ = {isa = PBXFileReference; includeInIndex = 1; lastKnownFileType = sourcecode.swift; path = EditExerciseViewOutput.swift; sourceTree = "<group>"; };
		E511E07284FC3368176CDD9A /* AddTrainingRouter.swift */ = {isa = PBXFileReference; includeInIndex = 1; lastKnownFileType = sourcecode.swift; path = AddTrainingRouter.swift; sourceTree = "<group>"; };
		E9585124F2043FF94F0FA720 /* EditExerciseInteractorOutput.swift */ = {isa = PBXFileReference; includeInIndex = 1; lastKnownFileType = sourcecode.swift; path = EditExerciseInteractorOutput.swift; sourceTree = "<group>"; };
		EBC9D166313728ECBEE9FBFE /* ExerciseInteractorOutput.swift */ = {isa = PBXFileReference; includeInIndex = 1; lastKnownFileType = sourcecode.swift; path = ExerciseInteractorOutput.swift; sourceTree = "<group>"; };
		F3BA9543A6D84FC725DC08E0 /* ExercisePresenter.swift */ = {isa = PBXFileReference; includeInIndex = 1; lastKnownFileType = sourcecode.swift; path = ExercisePresenter.swift; sourceTree = "<group>"; };
		F3EFC38F632F03E88227D7CD /* DayViewController.swift */ = {isa = PBXFileReference; includeInIndex = 1; lastKnownFileType = sourcecode.swift; path = DayViewController.swift; sourceTree = "<group>"; };
/* End PBXFileReference section */

/* Begin PBXFrameworksBuildPhase section */
		6B121BF421847BC1008CFDCD /* Frameworks */ = {
			isa = PBXFrameworksBuildPhase;
			buildActionMask = 2147483647;
			files = (
				13D318B0AC6A03115452EC2E /* Pods_CalendarApp.framework in Frameworks */,
			);
			runOnlyForDeploymentPostprocessing = 0;
		};
/* End PBXFrameworksBuildPhase section */

/* Begin PBXGroup section */
		02FD239D1BE60D97A24BDF19 /* Frameworks */ = {
			isa = PBXGroup;
			children = (
				0095357063731CFAEC33204C /* Pods_CalendarApp.framework */,
			);
			name = Frameworks;
			sourceTree = "<group>";
		};
		03CD7AE46C9B86B3940B4F9A /* Interactor */ = {
			isa = PBXGroup;
			children = (
				CA0CCD43EA9E1210616C2091 /* DayInteractorInput.swift */,
				14868B3EB84369D0BDC0B027 /* DayInteractorOutput.swift */,
				9A8D0A5C342FF79F01FF87B2 /* DayInteractor.swift */,
			);
			path = Interactor;
			sourceTree = "<group>";
		};
		16E55BC505C88E0CF18AFE9B /* Router */ = {
			isa = PBXGroup;
			children = (
				B45C2A34171F8F4891620028 /* DayRouterInput.swift */,
				4140685A534ED07495B71525 /* DayRouter.swift */,
			);
			path = Router;
			sourceTree = "<group>";
		};
		231D13144899EB71D7F9D9DE /* View */ = {
			isa = PBXGroup;
			children = (
				6BA0F07A21C13C810018B300 /* Adapters */,
				653F43DA6271F609C55CD2C8 /* AddTrainingViewInput.swift */,
				A903ECB4A4CAF07B50382341 /* AddTrainingViewOutput.swift */,
				7AB18CFDC6E747E20F95447E /* AddTrainingViewController.swift */,
			);
			path = View;
			sourceTree = "<group>";
		};
		27F33584EC556B73C5164E69 /* Interactor */ = {
			isa = PBXGroup;
			children = (
				749B837EDB03541F9C178C7C /* EditExerciseInteractorInput.swift */,
				E9585124F2043FF94F0FA720 /* EditExerciseInteractorOutput.swift */,
				5F7B4ECDA8F5A8CADC339D77 /* EditExerciseInteractor.swift */,
			);
			path = Interactor;
			sourceTree = "<group>";
		};
		3202AE48A7174E9263E41BCE /* Router */ = {
			isa = PBXGroup;
			children = (
				8C2A3A9154CE1CD7A94C6D84 /* AddTrainingRouterInput.swift */,
				E511E07284FC3368176CDD9A /* AddTrainingRouter.swift */,
			);
			path = Router;
			sourceTree = "<group>";
		};
		3F9094494BC36D3DA8194ECA /* Interactor */ = {
			isa = PBXGroup;
			children = (
				65B69761CAC14B228CD63F3D /* CalendarInteractorInput.swift */,
				7075BFF1FF41D725D5E8F60D /* CalendarInteractorOutput.swift */,
				1319BBC1185E54AFA60261B7 /* CalendarInteractor.swift */,
			);
			path = Interactor;
			sourceTree = "<group>";
		};
		49272F06B8E2D20FAC2E714A /* Router */ = {
			isa = PBXGroup;
			children = (
				AD8F83D2B2439F69F15E17B9 /* CalendarRouterInput.swift */,
				32544278E645EF7478065762 /* CalendarRouter.swift */,
			);
			path = Router;
			sourceTree = "<group>";
		};
		496710E3E244F4196A8711AA /* Assembly */ = {
			isa = PBXGroup;
			children = (
				782192819406515613B698E1 /* ExerciseAssembly.swift */,
			);
			path = Assembly;
			sourceTree = "<group>";
		};
		54421C2AA4C25DE6B8551740 /* Assembly */ = {
			isa = PBXGroup;
			children = (
				525C99E1C1F3C966FA04F467 /* CalendarAssembly.swift */,
			);
			path = Assembly;
			sourceTree = "<group>";
		};
		5586D49EBC2366D1865798CD /* Day */ = {
			isa = PBXGroup;
			children = (
				7710EF985A226D850CC17E30 /* View */,
				C8ABAA5E05F938984635F9D0 /* Presenter */,
				03CD7AE46C9B86B3940B4F9A /* Interactor */,
				16E55BC505C88E0CF18AFE9B /* Router */,
				A9FFA03DFEC23848454656D3 /* Assembly */,
			);
			path = Day;
			sourceTree = "<group>";
		};
		58820BDB1F0111290E349F97 /* View */ = {
			isa = PBXGroup;
			children = (
				9A5CCDB6655E034F77A3D435 /* EditExerciseViewInput.swift */,
				DF6AB7A41CF84EFB0985A55B /* EditExerciseViewOutput.swift */,
				5B21BA60B9F25A2B628F48B6 /* EditExerciseViewController.swift */,
			);
			path = View;
			sourceTree = "<group>";
		};
		5EAC89F3EB0DE9988B5D0652 /* Interactor */ = {
			isa = PBXGroup;
			children = (
				420D5A1A318FE37ACB0C9561 /* ExerciseInteractorInput.swift */,
				EBC9D166313728ECBEE9FBFE /* ExerciseInteractorOutput.swift */,
				B39F78337939733DC13BAFE1 /* ExerciseInteractor.swift */,
			);
			path = Interactor;
			sourceTree = "<group>";
		};
		66A917D0E3393867F0AA7186 /* Router */ = {
			isa = PBXGroup;
			children = (
				C09075F29057102054530951 /* EditExerciseRouterInput.swift */,
				9C8A5E63F021699295E9B176 /* EditExerciseRouter.swift */,
			);
			path = Router;
			sourceTree = "<group>";
		};
		67E752A97FB71DB03A852F0C /* Presentation */ = {
			isa = PBXGroup;
			children = (
				CEFA879B15479790E87DE439 /* Modules */,
				6B121C0E218480F5008CFDCD /* Storyboards */,
			);
			path = Presentation;
			sourceTree = "<group>";
		};
		6B121BEE21847BC1008CFDCD = {
			isa = PBXGroup;
			children = (
				6B121BF921847BC1008CFDCD /* CalendarApp */,
				6B121BF821847BC1008CFDCD /* Products */,
				C5859E9FEA5ACD8FF70704FC /* Pods */,
				02FD239D1BE60D97A24BDF19 /* Frameworks */,
			);
			sourceTree = "<group>";
		};
		6B121BF821847BC1008CFDCD /* Products */ = {
			isa = PBXGroup;
			children = (
				6B121BF721847BC1008CFDCD /* CalendarApp.app */,
			);
			name = Products;
			sourceTree = "<group>";
		};
		6B121BF921847BC1008CFDCD /* CalendarApp */ = {
			isa = PBXGroup;
			children = (
				6B121C0D21848088008CFDCD /* Classes */,
				6B121C0C2184806E008CFDCD /* Resources */,
				6B121C0621847BC3008CFDCD /* Info.plist */,
			);
			path = CalendarApp;
			sourceTree = "<group>";
		};
		6B121C0C2184806E008CFDCD /* Resources */ = {
			isa = PBXGroup;
			children = (
				6B121C0121847BC3008CFDCD /* Assets.xcassets */,
			);
			path = Resources;
			sourceTree = "<group>";
		};
		6B121C0D21848088008CFDCD /* Classes */ = {
			isa = PBXGroup;
			children = (
				6B121BFA21847BC1008CFDCD /* AppDelegate.swift */,
				6BECCF6A2187021B0062A2BE /* CommonAssembly.swift */,
				6BB792BA21BEA94D008C92D8 /* Common */,
				6B1D899421E73CD500965C80 /* BuisnessLogic */,
				67E752A97FB71DB03A852F0C /* Presentation */,
				6BA0F08221C24AEB0018B300 /* Models */,
			);
			path = Classes;
			sourceTree = "<group>";
		};
		6B121C0E218480F5008CFDCD /* Storyboards */ = {
			isa = PBXGroup;
			children = (
				6B121BFE21847BC1008CFDCD /* Main.storyboard */,
				6B121C0321847BC3008CFDCD /* LaunchScreen.storyboard */,
			);
			path = Storyboards;
			sourceTree = "<group>";
		};
		6B1D899421E73CD500965C80 /* BuisnessLogic */ = {
			isa = PBXGroup;
			children = (
				6B70B76621EC5EAA005A9702 /* Servises */,
				6B1D899521E73D0A00965C80 /* Entities */,
			);
			path = BuisnessLogic;
			sourceTree = "<group>";
		};
		6B1D899521E73D0A00965C80 /* Entities */ = {
			isa = PBXGroup;
			children = (
				6B1D899621E73D8000965C80 /* Exercise.swift */,
				6B1D899F21E74C8D00965C80 /* Approach.swift */,
			);
			path = Entities;
			sourceTree = "<group>";
		};
		6B1D899C21E7481400965C80 /* Adapters */ = {
			isa = PBXGroup;
			children = (
				6B1D899D21E7484700965C80 /* ExerciseTableViewAdapter.swift */,
			);
			path = Adapters;
			sourceTree = "<group>";
		};
		6B1D89AB21E7522D00965C80 /* Cells */ = {
			isa = PBXGroup;
			children = (
				6B1D89AC21E7526A00965C80 /* ExerciseTabelViewCell.swift */,
				6B1D89AE21E7528700965C80 /* ExerciseTabelViewCell.xib */,
			);
			path = Cells;
			sourceTree = "<group>";
		};
		6B70B76621EC5EAA005A9702 /* Servises */ = {
			isa = PBXGroup;
			children = (
				6B70B76721EC5F22005A9702 /* UserDefaultsServise.swift */,
				6B70B76921EC5FA9005A9702 /* UserDefaultsServiseImp.swift */,
			);
			path = Servises;
			sourceTree = "<group>";
		};
		6BA0F07A21C13C810018B300 /* Adapters */ = {
			isa = PBXGroup;
			children = (
				6BA0F07B21C13CD40018B300 /* AddTrainingTabelViewAdapter.swift */,
			);
			path = Adapters;
			sourceTree = "<group>";
		};
		6BA0F07D21C13F640018B300 /* TableViewAdapter */ = {
			isa = PBXGroup;
			children = (
				6BA0F07E21C13FC10018B300 /* BaseTableViewAdapter.swift */,
			);
			path = TableViewAdapter;
			sourceTree = "<group>";
		};
		6BA0F08221C24AEB0018B300 /* Models */ = {
			isa = PBXGroup;
			children = (
				6BA0F08321C24B250018B300 /* CalendarApp.xcdatamodeld */,
				6BA0F08621C261000018B300 /* CoreDataStore.swift */,
				6BA0F08821C261450018B300 /* CoreDataRepository.swift */,
				6BA0F08A21C261A90018B300 /* CoreDataRepositoryImp.swift */,
				6B1D899821E73EE400965C80 /* ExerciseRepository.swift */,
				6B1D899A21E73EF700965C80 /* ExerciseRepositoryImp.swift */,
			);
			path = Models;
			sourceTree = "<group>";
		};
		6BA0F08C21C28CA10018B300 /* Adapters */ = {
			isa = PBXGroup;
			children = (
				6BA0F08D21C28CD10018B300 /* DayTabelViewAdapter.swift */,
			);
			path = Adapters;
			sourceTree = "<group>";
		};
		6BA1DF8121BE676300E1D56C /* Cells */ = {
			isa = PBXGroup;
			children = (
				6BA1DF8321BE676300E1D56C /* CalendarCell.swift */,
				6BA1DF8221BE676300E1D56C /* CalendarCell.xib */,
			);
			path = Cells;
			sourceTree = "<group>";
		};
		6BB792BA21BEA94D008C92D8 /* Common */ = {
			isa = PBXGroup;
			children = (
				6BA0F07D21C13F640018B300 /* TableViewAdapter */,
				6BB7931421BFE0F6008C92D8 /* Helpers */,
				6BB7931321BFBEF1008C92D8 /* CollectionViewCell */,
				6BB792FD21BF92BC008C92D8 /* Enums and types */,
				6BB792D521BF913F008C92D8 /* Protocols */,
				6BB792CB21BF90EB008C92D8 /* CollectionViewAdapters */,
				6BB792C521BF8898008C92D8 /* Builders */,
				6BB792C221BEAA9F008C92D8 /* Extentions */,
				6BB792C121BEAA7E008C92D8 /* ViewController */,
			);
			path = Common;
			sourceTree = "<group>";
		};
		6BB792C121BEAA7E008C92D8 /* ViewController */ = {
			isa = PBXGroup;
			children = (
				6BB792BD21BEAA03008C92D8 /* BaseViewController.swift */,
				6BB792BB21BEAA03008C92D8 /* LoadableViewController.swift */,
				6BB792BC21BEAA03008C92D8 /* ViewLifecycleObserver.swift */,
			);
			path = ViewController;
			sourceTree = "<group>";
		};
		6BB792C221BEAA9F008C92D8 /* Extentions */ = {
			isa = PBXGroup;
			children = (
				6BB792C321BEACEB008C92D8 /* MirrorExtensions.swift */,
			);
			path = Extentions;
			sourceTree = "<group>";
		};
		6BB792C521BF8898008C92D8 /* Builders */ = {
			isa = PBXGroup;
			children = (
				6BB792C621BF88D5008C92D8 /* CalendarBuilder.swift */,
			);
			path = Builders;
			sourceTree = "<group>";
		};
		6BB792CB21BF90EB008C92D8 /* CollectionViewAdapters */ = {
			isa = PBXGroup;
			children = (
				6BB792CC21BF90EB008C92D8 /* BaseCollectionViewAdapter.swift */,
				6BB792CD21BF90EB008C92D8 /* RegistrableSupplementaryViewComponent.swift */,
				6BB792CE21BF90EB008C92D8 /* CollectionViewItemsSizeProvider.swift */,
			);
			path = CollectionViewAdapters;
			sourceTree = "<group>";
		};
		6BB792D521BF913F008C92D8 /* Protocols */ = {
			isa = PBXGroup;
			children = (
				6BB792DB21BF913F008C92D8 /* Traits */,
				6BB792D621BF913F008C92D8 /* CellWithCollection.swift */,
				6BB792D721BF913F008C92D8 /* LoadableInput.swift */,
				6BB792D821BF913F008C92D8 /* LoadableViewInput.swift */,
				6BB792D921BF913F008C92D8 /* URLPathConvertable.swift */,
				6BB792DA21BF913F008C92D8 /* RegistrableComponent.swift */,
				6BB792E221BF913F008C92D8 /* ConfigurableComponent.swift */,
				6BB792E321BF913F008C92D8 /* ShowErrorRouterInput.swift */,
				6BB792E421BF913F008C92D8 /* ShowAlertRouterInput.swift */,
				6BB792E621BF913F008C92D8 /* URLConvertable.swift */,
				6BB792E821BF913F008C92D8 /* ReusableComponent.swift */,
			);
			path = Protocols;
			sourceTree = "<group>";
		};
		6BB792DB21BF913F008C92D8 /* Traits */ = {
			isa = PBXGroup;
			children = (
				6BB792E121BF913F008C92D8 /* RouterTrait.swift */,
			);
			path = Traits;
			sourceTree = "<group>";
		};
		6BB792FD21BF92BC008C92D8 /* Enums and types */ = {
			isa = PBXGroup;
			children = (
				6BB792FE21BF92BC008C92D8 /* APIMethods.swift */,
				6BB792FF21BF92BC008C92D8 /* NetworkServiceError.swift */,
				6BB7930121BF92BC008C92D8 /* DayOfWeek.swift */,
				6BB7930221BF92BC008C92D8 /* Result.swift */,
				6BB7930321BF92BC008C92D8 /* ImageSource.swift */,
				6BB7930521BF92BC008C92D8 /* Month.swift */,
				6BB7930621BF92BC008C92D8 /* RegistrableSource.swift */,
			);
			path = "Enums and types";
			sourceTree = "<group>";
		};
		6BB7931021BF95CE008C92D8 /* Adapters */ = {
			isa = PBXGroup;
			children = (
				6BB7931121BF9606008C92D8 /* CalendarCollectionViewAdapter.swift */,
			);
			path = Adapters;
			sourceTree = "<group>";
		};
		6BB7931321BFBEF1008C92D8 /* CollectionViewCell */ = {
			isa = PBXGroup;
			children = (
			);
			path = CollectionViewCell;
			sourceTree = "<group>";
		};
		6BB7931421BFE0F6008C92D8 /* Helpers */ = {
			isa = PBXGroup;
			children = (
				6BB7931521BFE130008C92D8 /* StringHelper.swift */,
			);
			path = Helpers;
			sourceTree = "<group>";
		};
		713FBE7B0066E99A60517A18 /* Presenter */ = {
			isa = PBXGroup;
			children = (
				14E48FFD412105DB0A7ACECD /* AddTrainingModuleInput.swift */,
				69CDAFDBFF63EF342C4CDF1B /* AddTrainingPresenter.swift */,
			);
			path = Presenter;
			sourceTree = "<group>";
		};
		7710EF985A226D850CC17E30 /* View */ = {
			isa = PBXGroup;
			children = (
				6BA0F08C21C28CA10018B300 /* Adapters */,
				D48E629D49C04DD97DF21AC9 /* DayViewInput.swift */,
				AAF149042E7FC2E841DDFEA2 /* DayViewOutput.swift */,
				F3EFC38F632F03E88227D7CD /* DayViewController.swift */,
			);
			path = View;
			sourceTree = "<group>";
		};
		7A3BF688D1B15D9F4C34A4C9 /* View */ = {
			isa = PBXGroup;
			children = (
				6B1D89AB21E7522D00965C80 /* Cells */,
				6B1D899C21E7481400965C80 /* Adapters */,
				C57CA45506DE31EF84F926DE /* ExerciseViewInput.swift */,
				CDA8EAAD2AC143245AD0CBAB /* ExerciseViewOutput.swift */,
				CF92232C3C330B154B187AD1 /* ExerciseViewController.swift */,
			);
			path = View;
			sourceTree = "<group>";
		};
		7B973AB3DA1D1306C6A3B4CE /* Presenter */ = {
			isa = PBXGroup;
			children = (
				59E827B6C67BF9FEB7943270 /* EditExerciseModuleInput.swift */,
				40692AB51A2F86943BBDD48A /* EditExercisePresenter.swift */,
			);
			path = Presenter;
			sourceTree = "<group>";
		};
		8379AD2417FBBFAA7A729BFF /* Calendar */ = {
			isa = PBXGroup;
			children = (
				F5BDF97CDDB86107EC4F5757 /* View */,
				B90C7284CC10FDC1FA798D61 /* Presenter */,
				3F9094494BC36D3DA8194ECA /* Interactor */,
				49272F06B8E2D20FAC2E714A /* Router */,
				54421C2AA4C25DE6B8551740 /* Assembly */,
			);
			path = Calendar;
			sourceTree = "<group>";
		};
		85369B64E675D339CA795EFB /* AddTraining */ = {
			isa = PBXGroup;
			children = (
				231D13144899EB71D7F9D9DE /* View */,
				713FBE7B0066E99A60517A18 /* Presenter */,
				9F0B52F5CC62F965E68F6138 /* Interactor */,
				3202AE48A7174E9263E41BCE /* Router */,
				F4BA879E06C8428B4E06B077 /* Assembly */,
			);
			path = AddTraining;
			sourceTree = "<group>";
		};
		9F0B52F5CC62F965E68F6138 /* Interactor */ = {
			isa = PBXGroup;
			children = (
				B562DE7BA66DC7694F40260A /* AddTrainingInteractorInput.swift */,
				C6E4A655A8700745BE6CBD5D /* AddTrainingInteractorOutput.swift */,
				BAA7B4F5B051385B584FD884 /* AddTrainingInteractor.swift */,
			);
			path = Interactor;
			sourceTree = "<group>";
		};
		A3E5404F8D96EB8DFF34FD58 /* Exercise */ = {
			isa = PBXGroup;
			children = (
				7A3BF688D1B15D9F4C34A4C9 /* View */,
				EEA7C2842A107F095143092C /* Presenter */,
				5EAC89F3EB0DE9988B5D0652 /* Interactor */,
				DB71F736B02202B924793011 /* Router */,
				496710E3E244F4196A8711AA /* Assembly */,
			);
			path = Exercise;
			sourceTree = "<group>";
		};
		A9FFA03DFEC23848454656D3 /* Assembly */ = {
			isa = PBXGroup;
			children = (
				1B58437A6EC68A722119224C /* DayAssembly.swift */,
			);
			path = Assembly;
			sourceTree = "<group>";
		};
		B90C7284CC10FDC1FA798D61 /* Presenter */ = {
			isa = PBXGroup;
			children = (
				A7489D88750532B131D21F5C /* CalendarModuleInput.swift */,
				033413AAD01B9BCC1E6FD774 /* CalendarPresenter.swift */,
			);
			path = Presenter;
			sourceTree = "<group>";
		};
		C5859E9FEA5ACD8FF70704FC /* Pods */ = {
			isa = PBXGroup;
			children = (
				0E91BA0920D82AA25DAEBAA3 /* Pods-CalendarApp.debug.xcconfig */,
				8665CF496EF7F12FF2056047 /* Pods-CalendarApp.release.xcconfig */,
			);
			name = Pods;
			sourceTree = "<group>";
		};
		C8ABAA5E05F938984635F9D0 /* Presenter */ = {
			isa = PBXGroup;
			children = (
				8509713C4074D1AA7370571D /* DayModuleInput.swift */,
				7195210A7208A6E6FF3420A9 /* DayPresenter.swift */,
			);
			path = Presenter;
			sourceTree = "<group>";
		};
		CEFA879B15479790E87DE439 /* Modules */ = {
			isa = PBXGroup;
			children = (
				8379AD2417FBBFAA7A729BFF /* Calendar */,
				5586D49EBC2366D1865798CD /* Day */,
				85369B64E675D339CA795EFB /* AddTraining */,
				A3E5404F8D96EB8DFF34FD58 /* Exercise */,
				DF370DC7E7A9845CF33D1FA6 /* EditExercise */,
			);
			path = Modules;
			sourceTree = "<group>";
		};
		DB71F736B02202B924793011 /* Router */ = {
			isa = PBXGroup;
			children = (
				7B03ABEA11ACF0393B5F24BB /* ExerciseRouterInput.swift */,
				C818C8B0FD4BF6242FF511E1 /* ExerciseRouter.swift */,
			);
			path = Router;
			sourceTree = "<group>";
		};
		DF370DC7E7A9845CF33D1FA6 /* EditExercise */ = {
			isa = PBXGroup;
			children = (
				58820BDB1F0111290E349F97 /* View */,
				7B973AB3DA1D1306C6A3B4CE /* Presenter */,
				27F33584EC556B73C5164E69 /* Interactor */,
				66A917D0E3393867F0AA7186 /* Router */,
				ED70F0DC70B516F4850B0130 /* Assembly */,
			);
			path = EditExercise;
			sourceTree = "<group>";
		};
		ED70F0DC70B516F4850B0130 /* Assembly */ = {
			isa = PBXGroup;
			children = (
				99F264CF0512E2173AA9F988 /* EditExerciseAssembly.swift */,
			);
			path = Assembly;
			sourceTree = "<group>";
		};
		EEA7C2842A107F095143092C /* Presenter */ = {
			isa = PBXGroup;
			children = (
				8C7B14E9E572DB3E01637CF0 /* ExerciseModuleInput.swift */,
				F3BA9543A6D84FC725DC08E0 /* ExercisePresenter.swift */,
			);
			path = Presenter;
			sourceTree = "<group>";
		};
		F4BA879E06C8428B4E06B077 /* Assembly */ = {
			isa = PBXGroup;
			children = (
				0FC3F428D015F7F9796A60EB /* AddTrainingAssembly.swift */,
			);
			path = Assembly;
			sourceTree = "<group>";
		};
		F5BDF97CDDB86107EC4F5757 /* View */ = {
			isa = PBXGroup;
			children = (
				879DCD94819E89216F27D68A /* CalendarViewInput.swift */,
				813143D0A5BD896148F1EA84 /* CalendarViewOutput.swift */,
				9B85FD3F0E2A53248216D8D3 /* CalendarViewController.swift */,
				6BB7931021BF95CE008C92D8 /* Adapters */,
				6BA1DF8121BE676300E1D56C /* Cells */,
			);
			path = View;
			sourceTree = "<group>";
		};
/* End PBXGroup section */

/* Begin PBXNativeTarget section */
		6B121BF621847BC1008CFDCD /* CalendarApp */ = {
			isa = PBXNativeTarget;
			buildConfigurationList = 6B121C0921847BC3008CFDCD /* Build configuration list for PBXNativeTarget "CalendarApp" */;
			buildPhases = (
				7550B43489CE28C395C7A37B /* [CP] Check Pods Manifest.lock */,
				6B121BF321847BC1008CFDCD /* Sources */,
				6B121BF421847BC1008CFDCD /* Frameworks */,
				6B121BF521847BC1008CFDCD /* Resources */,
				ED43F0BA6407ACC4BC37052F /* [CP] Embed Pods Frameworks */,
			);
			buildRules = (
			);
			dependencies = (
			);
			name = CalendarApp;
			productName = CalendarApp;
			productReference = 6B121BF721847BC1008CFDCD /* CalendarApp.app */;
			productType = "com.apple.product-type.application";
		};
/* End PBXNativeTarget section */

/* Begin PBXProject section */
		6B121BEF21847BC1008CFDCD /* Project object */ = {
			isa = PBXProject;
			attributes = {
				LastSwiftUpdateCheck = 1000;
				LastUpgradeCheck = 1000;
				ORGANIZATIONNAME = "Григорий Соловьев";
				TargetAttributes = {
					6B121BF621847BC1008CFDCD = {
						CreatedOnToolsVersion = 10.0;
					};
				};
			};
			buildConfigurationList = 6B121BF221847BC1008CFDCD /* Build configuration list for PBXProject "CalendarApp" */;
			compatibilityVersion = "Xcode 9.3";
			developmentRegion = en;
			hasScannedForEncodings = 0;
			knownRegions = (
				en,
				Base,
			);
			mainGroup = 6B121BEE21847BC1008CFDCD;
			productRefGroup = 6B121BF821847BC1008CFDCD /* Products */;
			projectDirPath = "";
			projectRoot = "";
			targets = (
				6B121BF621847BC1008CFDCD /* CalendarApp */,
			);
		};
/* End PBXProject section */

/* Begin PBXResourcesBuildPhase section */
		6B121BF521847BC1008CFDCD /* Resources */ = {
			isa = PBXResourcesBuildPhase;
			buildActionMask = 2147483647;
			files = (
				6B121C0521847BC3008CFDCD /* LaunchScreen.storyboard in Resources */,
				6B121C0221847BC3008CFDCD /* Assets.xcassets in Resources */,
				6B1D89AF21E7528700965C80 /* ExerciseTabelViewCell.xib in Resources */,
				6B121C0021847BC1008CFDCD /* Main.storyboard in Resources */,
				6BA1DF8421BE676300E1D56C /* CalendarCell.xib in Resources */,
			);
			runOnlyForDeploymentPostprocessing = 0;
		};
/* End PBXResourcesBuildPhase section */

/* Begin PBXShellScriptBuildPhase section */
		7550B43489CE28C395C7A37B /* [CP] Check Pods Manifest.lock */ = {
			isa = PBXShellScriptBuildPhase;
			buildActionMask = 2147483647;
			files = (
			);
			inputFileListPaths = (
			);
			inputPaths = (
				"${PODS_PODFILE_DIR_PATH}/Podfile.lock",
				"${PODS_ROOT}/Manifest.lock",
			);
			name = "[CP] Check Pods Manifest.lock";
			outputFileListPaths = (
			);
			outputPaths = (
				"$(DERIVED_FILE_DIR)/Pods-CalendarApp-checkManifestLockResult.txt",
			);
			runOnlyForDeploymentPostprocessing = 0;
			shellPath = /bin/sh;
			shellScript = "diff \"${PODS_PODFILE_DIR_PATH}/Podfile.lock\" \"${PODS_ROOT}/Manifest.lock\" > /dev/null\nif [ $? != 0 ] ; then\n    # print error to STDERR\n    echo \"error: The sandbox is not in sync with the Podfile.lock. Run 'pod install' or update your CocoaPods installation.\" >&2\n    exit 1\nfi\n# This output is used by Xcode 'outputs' to avoid re-running this script phase.\necho \"SUCCESS\" > \"${SCRIPT_OUTPUT_FILE_0}\"\n";
			showEnvVarsInLog = 0;
		};
		ED43F0BA6407ACC4BC37052F /* [CP] Embed Pods Frameworks */ = {
			isa = PBXShellScriptBuildPhase;
			buildActionMask = 2147483647;
			files = (
			);
			inputFileListPaths = (
			);
			inputPaths = (
				"${SRCROOT}/Pods/Target Support Files/Pods-CalendarApp/Pods-CalendarApp-frameworks.sh",
				"${BUILT_PRODUCTS_DIR}/Dip/Dip.framework",
				"${BUILT_PRODUCTS_DIR}/JTAppleCalendar/JTAppleCalendar.framework",
			);
			name = "[CP] Embed Pods Frameworks";
			outputFileListPaths = (
			);
			outputPaths = (
				"${TARGET_BUILD_DIR}/${FRAMEWORKS_FOLDER_PATH}/Dip.framework",
				"${TARGET_BUILD_DIR}/${FRAMEWORKS_FOLDER_PATH}/JTAppleCalendar.framework",
			);
			runOnlyForDeploymentPostprocessing = 0;
			shellPath = /bin/sh;
			shellScript = "\"${SRCROOT}/Pods/Target Support Files/Pods-CalendarApp/Pods-CalendarApp-frameworks.sh\"\n";
			showEnvVarsInLog = 0;
		};
/* End PBXShellScriptBuildPhase section */

/* Begin PBXSourcesBuildPhase section */
		6B121BF321847BC1008CFDCD /* Sources */ = {
			isa = PBXSourcesBuildPhase;
			buildActionMask = 2147483647;
			files = (
				6BB7930B21BF92BC008C92D8 /* Result.swift in Sources */,
				6B121BFB21847BC1008CFDCD /* AppDelegate.swift in Sources */,
				6BB7930721BF92BC008C92D8 /* APIMethods.swift in Sources */,
				6BA0F08B21C261A90018B300 /* CoreDataRepositoryImp.swift in Sources */,
				6BA1DF8521BE676300E1D56C /* CalendarCell.swift in Sources */,
				756B088ECA026BCE749D1D0E /* CalendarViewInput.swift in Sources */,
				3C85A95663B515F9B8EFCBE0 /* CalendarViewOutput.swift in Sources */,
				ECCBC6600E68033C9251954B /* CalendarViewController.swift in Sources */,
				6BB7931621BFE130008C92D8 /* StringHelper.swift in Sources */,
				6BA0F07F21C13FC10018B300 /* BaseTableViewAdapter.swift in Sources */,
				4B1BE5023A95809B644233DD /* CalendarModuleInput.swift in Sources */,
				6BECCF6B2187021B0062A2BE /* CommonAssembly.swift in Sources */,
				6BB792D421BF90EC008C92D8 /* CollectionViewItemsSizeProvider.swift in Sources */,
				6BB792F421BF913F008C92D8 /* RouterTrait.swift in Sources */,
				3E776078C5796C315DA9896F /* CalendarPresenter.swift in Sources */,
				CBE6B4A46835648BCFF1060D /* CalendarInteractorInput.swift in Sources */,
				6BB792C721BF88D5008C92D8 /* CalendarBuilder.swift in Sources */,
				6BB792F621BF913F008C92D8 /* ShowErrorRouterInput.swift in Sources */,
				6BB7930A21BF92BC008C92D8 /* DayOfWeek.swift in Sources */,
				8F312207882A1CAA6CC35736 /* CalendarInteractorOutput.swift in Sources */,
				6B1D899E21E7484700965C80 /* ExerciseTableViewAdapter.swift in Sources */,
				6B1D899B21E73EF700965C80 /* ExerciseRepositoryImp.swift in Sources */,
				44E78CF33C99D6AC3D497BA4 /* CalendarInteractor.swift in Sources */,
				474D8DCEB736ED63CE861C94 /* CalendarRouterInput.swift in Sources */,
				98B6D7D6741B7A203783B5F9 /* CalendarRouter.swift in Sources */,
				8F2B16E9354E398F4A25EFDB /* CalendarAssembly.swift in Sources */,
				8D8E2FB4E27EA76E3AA9E3B5 /* DayViewInput.swift in Sources */,
				6BA0F08521C24B250018B300 /* CalendarApp.xcdatamodeld in Sources */,
				6BB792C021BEAA03008C92D8 /* BaseViewController.swift in Sources */,
				6BB792FB21BF913F008C92D8 /* ReusableComponent.swift in Sources */,
				6BA0F07C21C13CD40018B300 /* AddTrainingTabelViewAdapter.swift in Sources */,
				48223F130F6E24706E2D2B8C /* DayViewOutput.swift in Sources */,
				6BB792F721BF913F008C92D8 /* ShowAlertRouterInput.swift in Sources */,
				6BB792ED21BF913F008C92D8 /* URLPathConvertable.swift in Sources */,
				761EA98F8B054737F41E6B38 /* DayViewController.swift in Sources */,
				6B1D899721E73D8000965C80 /* Exercise.swift in Sources */,
				6B1D899921E73EE400965C80 /* ExerciseRepository.swift in Sources */,
				6B1D89AD21E7526A00965C80 /* ExerciseTabelViewCell.swift in Sources */,
				DB2A074E67600C9C4407CBBA /* DayModuleInput.swift in Sources */,
				6BB792EC21BF913F008C92D8 /* LoadableViewInput.swift in Sources */,
				6BB7930821BF92BC008C92D8 /* NetworkServiceError.swift in Sources */,
				6BB792EA21BF913F008C92D8 /* CellWithCollection.swift in Sources */,
				6BB7931221BF9606008C92D8 /* CalendarCollectionViewAdapter.swift in Sources */,
				6BB792D221BF90EC008C92D8 /* BaseCollectionViewAdapter.swift in Sources */,
				6BB792BF21BEAA03008C92D8 /* ViewLifecycleObserver.swift in Sources */,
				6BB792F921BF913F008C92D8 /* URLConvertable.swift in Sources */,
				6B1D89A021E74C8D00965C80 /* Approach.swift in Sources */,
				6BB7930F21BF92BC008C92D8 /* RegistrableSource.swift in Sources */,
				69BF0281F8CD124CFF3BA826 /* DayPresenter.swift in Sources */,
				6BB792F521BF913F008C92D8 /* ConfigurableComponent.swift in Sources */,
				6BB7930C21BF92BC008C92D8 /* ImageSource.swift in Sources */,
				6BA0F08921C261450018B300 /* CoreDataRepository.swift in Sources */,
				4A13AEBC554965CD38532107 /* DayInteractorInput.swift in Sources */,
				6BB7930E21BF92BC008C92D8 /* Month.swift in Sources */,
				6BB792EB21BF913F008C92D8 /* LoadableInput.swift in Sources */,
				76DEE41425D1A7A2CBDD5789 /* DayInteractorOutput.swift in Sources */,
				6BB792BE21BEAA03008C92D8 /* LoadableViewController.swift in Sources */,
				268BFE8021D70CE4DB1D7B33 /* DayInteractor.swift in Sources */,
				6BB792D321BF90EC008C92D8 /* RegistrableSupplementaryViewComponent.swift in Sources */,
				6BA0F08E21C28CD10018B300 /* DayTabelViewAdapter.swift in Sources */,
				3D9868FCD35B7FC312D88BE1 /* DayRouterInput.swift in Sources */,
				6BB792EE21BF913F008C92D8 /* RegistrableComponent.swift in Sources */,
				6BB792C421BEACEB008C92D8 /* MirrorExtensions.swift in Sources */,
				37B2542AFE8641ECF88CB76E /* DayRouter.swift in Sources */,
				9811A74A041E3C07E5C78A10 /* DayAssembly.swift in Sources */,
				C330239F959C75946A0AEDC4 /* AddTrainingViewInput.swift in Sources */,
				26922964FB0AF8865EFE2087 /* AddTrainingViewOutput.swift in Sources */,
				210C40134036F9C5DA54D538 /* AddTrainingViewController.swift in Sources */,
				40AFD6731961D34912C0A34C /* AddTrainingModuleInput.swift in Sources */,
				998F25A7AAC49B7F7D6EA5DA /* AddTrainingPresenter.swift in Sources */,
				8C98DE1B3E8846D7624A4311 /* AddTrainingInteractorInput.swift in Sources */,
				6BA0F08721C261000018B300 /* CoreDataStore.swift in Sources */,
				75B78D4391EE2160E1B97D4D /* AddTrainingInteractorOutput.swift in Sources */,
				CB9D33BE4D2F3F8940672C80 /* AddTrainingInteractor.swift in Sources */,
				0309F307CB557CE48C8D4FF7 /* AddTrainingRouterInput.swift in Sources */,
				A83337D5DDC20A88EED83702 /* AddTrainingRouter.swift in Sources */,
				5531CEA252E4BA625639C8D9 /* AddTrainingAssembly.swift in Sources */,
				5ADF644B2654467F0637D1F2 /* ExerciseViewInput.swift in Sources */,
				89D072E15204E3F7237F0159 /* ExerciseViewOutput.swift in Sources */,
				CF756AB811FE4F4EA66E42EC /* ExerciseViewController.swift in Sources */,
				8F3EC53DB1D0FE754B5F8333 /* ExerciseModuleInput.swift in Sources */,
				9811DE57916BADB2A27BB15C /* ExercisePresenter.swift in Sources */,
				6B70B76A21EC5FA9005A9702 /* UserDefaultsServiseImp.swift in Sources */,
				C3126A4A0A086459FF48FA9E /* ExerciseInteractorInput.swift in Sources */,
				5500B124196DF1287FA02627 /* ExerciseInteractorOutput.swift in Sources */,
				6B70B76821EC5F22005A9702 /* UserDefaultsServise.swift in Sources */,
				C40860FF186FD33A4FBFD716 /* ExerciseInteractor.swift in Sources */,
				236A36CC17F48F7F3A2DE391 /* ExerciseRouterInput.swift in Sources */,
				1D6E3208F1D5F0FC3FD6CF51 /* ExerciseRouter.swift in Sources */,
				87989339E7CC5F68A56E353F /* ExerciseAssembly.swift in Sources */,
				9480E26B3E493D5ACB9460FA /* EditExerciseViewInput.swift in Sources */,
				BBE263F29112F1FA6387DB72 /* EditExerciseViewOutput.swift in Sources */,
				EA5679953F9EEC1AD527B009 /* EditExerciseViewController.swift in Sources */,
				660D35D348437F27279E5F15 /* EditExerciseModuleInput.swift in Sources */,
				8A0C58B4A324BFAC3DD85DB8 /* EditExercisePresenter.swift in Sources */,
				F44684E7DB641A4FDF6DD2AE /* EditExerciseInteractorInput.swift in Sources */,
				2A307168A71CC9AC8D7521A7 /* EditExerciseInteractorOutput.swift in Sources */,
				DA549FFFE72C2EDD39953FD7 /* EditExerciseInteractor.swift in Sources */,
				822F4CC9F929F2765B468EB9 /* EditExerciseRouterInput.swift in Sources */,
				1D6E2AE70F596C37D47F137B /* EditExerciseRouter.swift in Sources */,
				DED5453AE7B154D8ED6430A3 /* EditExerciseAssembly.swift in Sources */,
			);
			runOnlyForDeploymentPostprocessing = 0;
		};
/* End PBXSourcesBuildPhase section */

/* Begin PBXVariantGroup section */
		6B121BFE21847BC1008CFDCD /* Main.storyboard */ = {
			isa = PBXVariantGroup;
			children = (
				6B121BFF21847BC1008CFDCD /* Base */,
			);
			name = Main.storyboard;
			sourceTree = "<group>";
		};
		6B121C0321847BC3008CFDCD /* LaunchScreen.storyboard */ = {
			isa = PBXVariantGroup;
			children = (
				6B121C0421847BC3008CFDCD /* Base */,
			);
			name = LaunchScreen.storyboard;
			sourceTree = "<group>";
		};
/* End PBXVariantGroup section */

/* Begin XCBuildConfiguration section */
		6B121C0721847BC3008CFDCD /* Debug */ = {
			isa = XCBuildConfiguration;
			buildSettings = {
				ALWAYS_SEARCH_USER_PATHS = NO;
				CLANG_ANALYZER_NONNULL = YES;
				CLANG_ANALYZER_NUMBER_OBJECT_CONVERSION = YES_AGGRESSIVE;
				CLANG_CXX_LANGUAGE_STANDARD = "gnu++14";
				CLANG_CXX_LIBRARY = "libc++";
				CLANG_ENABLE_MODULES = YES;
				CLANG_ENABLE_OBJC_ARC = YES;
				CLANG_ENABLE_OBJC_WEAK = YES;
				CLANG_WARN_BLOCK_CAPTURE_AUTORELEASING = YES;
				CLANG_WARN_BOOL_CONVERSION = YES;
				CLANG_WARN_COMMA = YES;
				CLANG_WARN_CONSTANT_CONVERSION = YES;
				CLANG_WARN_DEPRECATED_OBJC_IMPLEMENTATIONS = YES;
				CLANG_WARN_DIRECT_OBJC_ISA_USAGE = YES_ERROR;
				CLANG_WARN_DOCUMENTATION_COMMENTS = YES;
				CLANG_WARN_EMPTY_BODY = YES;
				CLANG_WARN_ENUM_CONVERSION = YES;
				CLANG_WARN_INFINITE_RECURSION = YES;
				CLANG_WARN_INT_CONVERSION = YES;
				CLANG_WARN_NON_LITERAL_NULL_CONVERSION = YES;
				CLANG_WARN_OBJC_IMPLICIT_RETAIN_SELF = YES;
				CLANG_WARN_OBJC_LITERAL_CONVERSION = YES;
				CLANG_WARN_OBJC_ROOT_CLASS = YES_ERROR;
				CLANG_WARN_RANGE_LOOP_ANALYSIS = YES;
				CLANG_WARN_STRICT_PROTOTYPES = YES;
				CLANG_WARN_SUSPICIOUS_MOVE = YES;
				CLANG_WARN_UNGUARDED_AVAILABILITY = YES_AGGRESSIVE;
				CLANG_WARN_UNREACHABLE_CODE = YES;
				CLANG_WARN__DUPLICATE_METHOD_MATCH = YES;
				CODE_SIGN_IDENTITY = "iPhone Developer";
				COPY_PHASE_STRIP = NO;
				DEBUG_INFORMATION_FORMAT = dwarf;
				ENABLE_STRICT_OBJC_MSGSEND = YES;
				ENABLE_TESTABILITY = YES;
				GCC_C_LANGUAGE_STANDARD = gnu11;
				GCC_DYNAMIC_NO_PIC = NO;
				GCC_NO_COMMON_BLOCKS = YES;
				GCC_OPTIMIZATION_LEVEL = 0;
				GCC_PREPROCESSOR_DEFINITIONS = (
					"DEBUG=1",
					"$(inherited)",
				);
				GCC_WARN_64_TO_32_BIT_CONVERSION = YES;
				GCC_WARN_ABOUT_RETURN_TYPE = YES_ERROR;
				GCC_WARN_UNDECLARED_SELECTOR = YES;
				GCC_WARN_UNINITIALIZED_AUTOS = YES_AGGRESSIVE;
				GCC_WARN_UNUSED_FUNCTION = YES;
				GCC_WARN_UNUSED_VARIABLE = YES;
				IPHONEOS_DEPLOYMENT_TARGET = 12.0;
				MTL_ENABLE_DEBUG_INFO = INCLUDE_SOURCE;
				MTL_FAST_MATH = YES;
				ONLY_ACTIVE_ARCH = YES;
				SDKROOT = iphoneos;
				SWIFT_ACTIVE_COMPILATION_CONDITIONS = DEBUG;
				SWIFT_OPTIMIZATION_LEVEL = "-Onone";
			};
			name = Debug;
		};
		6B121C0821847BC3008CFDCD /* Release */ = {
			isa = XCBuildConfiguration;
			buildSettings = {
				ALWAYS_SEARCH_USER_PATHS = NO;
				CLANG_ANALYZER_NONNULL = YES;
				CLANG_ANALYZER_NUMBER_OBJECT_CONVERSION = YES_AGGRESSIVE;
				CLANG_CXX_LANGUAGE_STANDARD = "gnu++14";
				CLANG_CXX_LIBRARY = "libc++";
				CLANG_ENABLE_MODULES = YES;
				CLANG_ENABLE_OBJC_ARC = YES;
				CLANG_ENABLE_OBJC_WEAK = YES;
				CLANG_WARN_BLOCK_CAPTURE_AUTORELEASING = YES;
				CLANG_WARN_BOOL_CONVERSION = YES;
				CLANG_WARN_COMMA = YES;
				CLANG_WARN_CONSTANT_CONVERSION = YES;
				CLANG_WARN_DEPRECATED_OBJC_IMPLEMENTATIONS = YES;
				CLANG_WARN_DIRECT_OBJC_ISA_USAGE = YES_ERROR;
				CLANG_WARN_DOCUMENTATION_COMMENTS = YES;
				CLANG_WARN_EMPTY_BODY = YES;
				CLANG_WARN_ENUM_CONVERSION = YES;
				CLANG_WARN_INFINITE_RECURSION = YES;
				CLANG_WARN_INT_CONVERSION = YES;
				CLANG_WARN_NON_LITERAL_NULL_CONVERSION = YES;
				CLANG_WARN_OBJC_IMPLICIT_RETAIN_SELF = YES;
				CLANG_WARN_OBJC_LITERAL_CONVERSION = YES;
				CLANG_WARN_OBJC_ROOT_CLASS = YES_ERROR;
				CLANG_WARN_RANGE_LOOP_ANALYSIS = YES;
				CLANG_WARN_STRICT_PROTOTYPES = YES;
				CLANG_WARN_SUSPICIOUS_MOVE = YES;
				CLANG_WARN_UNGUARDED_AVAILABILITY = YES_AGGRESSIVE;
				CLANG_WARN_UNREACHABLE_CODE = YES;
				CLANG_WARN__DUPLICATE_METHOD_MATCH = YES;
				CODE_SIGN_IDENTITY = "iPhone Developer";
				COPY_PHASE_STRIP = NO;
				DEBUG_INFORMATION_FORMAT = "dwarf-with-dsym";
				ENABLE_NS_ASSERTIONS = NO;
				ENABLE_STRICT_OBJC_MSGSEND = YES;
				GCC_C_LANGUAGE_STANDARD = gnu11;
				GCC_NO_COMMON_BLOCKS = YES;
				GCC_WARN_64_TO_32_BIT_CONVERSION = YES;
				GCC_WARN_ABOUT_RETURN_TYPE = YES_ERROR;
				GCC_WARN_UNDECLARED_SELECTOR = YES;
				GCC_WARN_UNINITIALIZED_AUTOS = YES_AGGRESSIVE;
				GCC_WARN_UNUSED_FUNCTION = YES;
				GCC_WARN_UNUSED_VARIABLE = YES;
				IPHONEOS_DEPLOYMENT_TARGET = 12.0;
				MTL_ENABLE_DEBUG_INFO = NO;
				MTL_FAST_MATH = YES;
				SDKROOT = iphoneos;
				SWIFT_COMPILATION_MODE = wholemodule;
				SWIFT_OPTIMIZATION_LEVEL = "-O";
				VALIDATE_PRODUCT = YES;
			};
			name = Release;
		};
		6B121C0A21847BC3008CFDCD /* Debug */ = {
			isa = XCBuildConfiguration;
			baseConfigurationReference = 0E91BA0920D82AA25DAEBAA3 /* Pods-CalendarApp.debug.xcconfig */;
			buildSettings = {
				ASSETCATALOG_COMPILER_APPICON_NAME = AppIcon;
				CODE_SIGN_STYLE = Automatic;
				DEVELOPMENT_TEAM = EHF55CKN8D;
				INFOPLIST_FILE = CalendarApp/Info.plist;
				IPHONEOS_DEPLOYMENT_TARGET = 11.0;
				LD_RUNPATH_SEARCH_PATHS = (
					"$(inherited)",
					"@executable_path/Frameworks",
				);
				PRODUCT_BUNDLE_IDENTIFIER = "------------------.CalendarApp";
				PRODUCT_NAME = "$(TARGET_NAME)";
				SWIFT_VERSION = 4.2;
				TARGETED_DEVICE_FAMILY = "1,2";
			};
			name = Debug;
		};
		6B121C0B21847BC3008CFDCD /* Release */ = {
			isa = XCBuildConfiguration;
			baseConfigurationReference = 8665CF496EF7F12FF2056047 /* Pods-CalendarApp.release.xcconfig */;
			buildSettings = {
				ASSETCATALOG_COMPILER_APPICON_NAME = AppIcon;
				CODE_SIGN_STYLE = Automatic;
				DEVELOPMENT_TEAM = EHF55CKN8D;
				INFOPLIST_FILE = CalendarApp/Info.plist;
				IPHONEOS_DEPLOYMENT_TARGET = 11.0;
				LD_RUNPATH_SEARCH_PATHS = (
					"$(inherited)",
					"@executable_path/Frameworks",
				);
				PRODUCT_BUNDLE_IDENTIFIER = "------------------.CalendarApp";
				PRODUCT_NAME = "$(TARGET_NAME)";
				SWIFT_VERSION = 4.2;
				TARGETED_DEVICE_FAMILY = "1,2";
			};
			name = Release;
		};
/* End XCBuildConfiguration section */

/* Begin XCConfigurationList section */
		6B121BF221847BC1008CFDCD /* Build configuration list for PBXProject "CalendarApp" */ = {
			isa = XCConfigurationList;
			buildConfigurations = (
				6B121C0721847BC3008CFDCD /* Debug */,
				6B121C0821847BC3008CFDCD /* Release */,
			);
			defaultConfigurationIsVisible = 0;
			defaultConfigurationName = Release;
		};
		6B121C0921847BC3008CFDCD /* Build configuration list for PBXNativeTarget "CalendarApp" */ = {
			isa = XCConfigurationList;
			buildConfigurations = (
				6B121C0A21847BC3008CFDCD /* Debug */,
				6B121C0B21847BC3008CFDCD /* Release */,
			);
			defaultConfigurationIsVisible = 0;
			defaultConfigurationName = Release;
		};
/* End XCConfigurationList section */

/* Begin XCVersionGroup section */
		6BA0F08321C24B250018B300 /* CalendarApp.xcdatamodeld */ = {
			isa = XCVersionGroup;
			children = (
				6BA0F08421C24B250018B300 /* CalendarApp.xcdatamodel */,
			);
			currentVersion = 6BA0F08421C24B250018B300 /* CalendarApp.xcdatamodel */;
			path = CalendarApp.xcdatamodeld;
			sourceTree = "<group>";
			versionGroupType = wrapper.xcdatamodel;
		};
/* End XCVersionGroup section */
	};
	rootObject = 6B121BEF21847BC1008CFDCD /* Project object */;
}
